PODS:
  - RadioButtons (2.1.2)
  - RadioComposeView (2.1.1)

DEPENDENCIES:
  - RadioButtons (~> 2.1.2)
  - RadioComposeView (~> 2.1.1)

SPEC CHECKSUMS:
  RadioButtons: 913e4f2327e77533bb46660bc8733fdef43e2989
  RadioComposeView: d566bd9c3acaf0566ef05df2f098bea52dd6c1e0

PODFILE CHECKSUM: 2898def24ced051c958628cf73ff9542e931116b

COCOAPODS: 1.0.0
