// !$*UTF8*$!
{
	archiveVersion = 1;
	classes = {
	};
	objectVersion = 46;
	objects = {

/* Begin PBXBuildFile section */
		561CDB18BAD79417E7464D84 /* libPods-CJSliderViewControllerDemoTests.a in Frameworks */ = {isa = PBXBuildFile; fileRef = FE91107218914DFA7D75744B /* libPods-CJSliderViewControllerDemoTests.a */; };
		783079D71D769295009689F3 /* SliderViewController.m in Sources */ = {isa = PBXBuildFile; fileRef = 783079D51D769295009689F3 /* SliderViewController.m */; };
		783079D81D769295009689F3 /* SliderViewController.xib in Resources */ = {isa = PBXBuildFile; fileRef = 783079D61D769295009689F3 /* SliderViewController.xib */; };
		783079DC1D769580009689F3 /* SliderViewController2.m in Sources */ = {isa = PBXBuildFile; fileRef = 783079DA1D769580009689F3 /* SliderViewController2.m */; };
		783079DD1D769580009689F3 /* SliderViewController2.xib in Resources */ = {isa = PBXBuildFile; fileRef = 783079DB1D769580009689F3 /* SliderViewController2.xib */; };
		783079E41D76CEFD009689F3 /* CJButtonControllerView.m in Sources */ = {isa = PBXBuildFile; fileRef = 783079E31D76CEFD009689F3 /* CJButtonControllerView.m */; };
		7846335A1D728C4B0082401F /* main.m in Sources */ = {isa = PBXBuildFile; fileRef = 784633591D728C4B0082401F /* main.m */; };
		7846335D1D728C4B0082401F /* AppDelegate.m in Sources */ = {isa = PBXBuildFile; fileRef = 7846335C1D728C4B0082401F /* AppDelegate.m */; };
		784633601D728C4B0082401F /* ViewController.m in Sources */ = {isa = PBXBuildFile; fileRef = 7846335F1D728C4B0082401F /* ViewController.m */; };
		784633631D728C4B0082401F /* Main.storyboard in Resources */ = {isa = PBXBuildFile; fileRef = 784633611D728C4B0082401F /* Main.storyboard */; };
		784633651D728C4B0082401F /* Assets.xcassets in Resources */ = {isa = PBXBuildFile; fileRef = 784633641D728C4B0082401F /* Assets.xcassets */; };
		784633681D728C4B0082401F /* LaunchScreen.storyboard in Resources */ = {isa = PBXBuildFile; fileRef = 784633661D728C4B0082401F /* LaunchScreen.storyboard */; };
		784633731D728C4B0082401F /* CJSliderViewControllerDemoTests.m in Sources */ = {isa = PBXBuildFile; fileRef = 784633721D728C4B0082401F /* CJSliderViewControllerDemoTests.m */; };
		7846337E1D728C4B0082401F /* CJSliderViewControllerDemoUITests.m in Sources */ = {isa = PBXBuildFile; fileRef = 7846337D1D728C4B0082401F /* CJSliderViewControllerDemoUITests.m */; };
		78C7DC761D772CEA005F86D2 /* RadioButton_DropDown.xib in Resources */ = {isa = PBXBuildFile; fileRef = 78C7DC741D772CEA005F86D2 /* RadioButton_DropDown.xib */; };
		78C7DC771D772CEA005F86D2 /* RadioButton_Slider.xib in Resources */ = {isa = PBXBuildFile; fileRef = 78C7DC751D772CEA005F86D2 /* RadioButton_Slider.xib */; };
		DEEB1B18814536B00DE8E8AD /* libPods-CJSliderViewControllerDemo.a in Frameworks */ = {isa = PBXBuildFile; fileRef = 14C82FF300F450F62CB59D81 /* libPods-CJSliderViewControllerDemo.a */; };
/* End PBXBuildFile section */

/* Begin PBXContainerItemProxy section */
		7846336F1D728C4B0082401F /* PBXContainerItemProxy */ = {
			isa = PBXContainerItemProxy;
			containerPortal = 7846334D1D728C4B0082401F /* Project object */;
			proxyType = 1;
			remoteGlobalIDString = 784633541D728C4B0082401F;
			remoteInfo = CJSliderViewControllerDemo;
		};
		7846337A1D728C4B0082401F /* PBXContainerItemProxy */ = {
			isa = PBXContainerItemProxy;
			containerPortal = 7846334D1D728C4B0082401F /* Project object */;
			proxyType = 1;
			remoteGlobalIDString = 784633541D728C4B0082401F;
			remoteInfo = CJSliderViewControllerDemo;
		};
/* End PBXContainerItemProxy section */

/* Begin PBXFileReference section */
		14C82FF300F450F62CB59D81 /* libPods-CJSliderViewControllerDemo.a */ = {isa = PBXFileReference; explicitFileType = archive.ar; includeInIndex = 0; path = "libPods-CJSliderViewControllerDemo.a"; sourceTree = BUILT_PRODUCTS_DIR; };
		4A9F16A8BD6BFD90ED37EE6B /* Pods-CJSliderViewControllerDemo.debug.xcconfig */ = {isa = PBXFileReference; includeInIndex = 1; lastKnownFileType = text.xcconfig; name = "Pods-CJSliderViewControllerDemo.debug.xcconfig"; path = "Pods/Target Support Files/Pods-CJSliderViewControllerDemo/Pods-CJSliderViewControllerDemo.debug.xcconfig"; sourceTree = "<group>"; };
		6B1AC48BEB321ED1949C07C6 /* Pods-CJSliderViewControllerDemo.release.xcconfig */ = {isa = PBXFileReference; includeInIndex = 1; lastKnownFileType = text.xcconfig; name = "Pods-CJSliderViewControllerDemo.release.xcconfig"; path = "Pods/Target Support Files/Pods-CJSliderViewControllerDemo/Pods-CJSliderViewControllerDemo.release.xcconfig"; sourceTree = "<group>"; };
		783079D41D769295009689F3 /* SliderViewController.h */ = {isa = PBXFileReference; fileEncoding = 4; lastKnownFileType = sourcecode.c.h; path = SliderViewController.h; sourceTree = "<group>"; };
		783079D51D769295009689F3 /* SliderViewController.m */ = {isa = PBXFileReference; fileEncoding = 4; lastKnownFileType = sourcecode.c.objc; path = SliderViewController.m; sourceTree = "<group>"; };
		783079D61D769295009689F3 /* SliderViewController.xib */ = {isa = PBXFileReference; fileEncoding = 4; lastKnownFileType = file.xib; path = SliderViewController.xib; sourceTree = "<group>"; };
		783079D91D769580009689F3 /* SliderViewController2.h */ = {isa = PBXFileReference; fileEncoding = 4; lastKnownFileType = sourcecode.c.h; path = SliderViewController2.h; sourceTree = "<group>"; };
		783079DA1D769580009689F3 /* SliderViewController2.m */ = {isa = PBXFileReference; fileEncoding = 4; lastKnownFileType = sourcecode.c.objc; path = SliderViewController2.m; sourceTree = "<group>"; };
		783079DB1D769580009689F3 /* SliderViewController2.xib */ = {isa = PBXFileReference; fileEncoding = 4; lastKnownFileType = file.xib; path = SliderViewController2.xib; sourceTree = "<group>"; };
		783079E21D76CEFD009689F3 /* CJButtonControllerView.h */ = {isa = PBXFileReference; fileEncoding = 4; lastKnownFileType = sourcecode.c.h; path = CJButtonControllerView.h; sourceTree = "<group>"; };
		783079E31D76CEFD009689F3 /* CJButtonControllerView.m */ = {isa = PBXFileReference; fileEncoding = 4; lastKnownFileType = sourcecode.c.objc; path = CJButtonControllerView.m; sourceTree = "<group>"; };
		784633551D728C4B0082401F /* CJSliderViewControllerDemo.app */ = {isa = PBXFileReference; explicitFileType = wrapper.application; includeInIndex = 0; path = CJSliderViewControllerDemo.app; sourceTree = BUILT_PRODUCTS_DIR; };
		784633591D728C4B0082401F /* main.m */ = {isa = PBXFileReference; lastKnownFileType = sourcecode.c.objc; path = main.m; sourceTree = "<group>"; };
		7846335B1D728C4B0082401F /* AppDelegate.h */ = {isa = PBXFileReference; lastKnownFileType = sourcecode.c.h; path = AppDelegate.h; sourceTree = "<group>"; };
		7846335C1D728C4B0082401F /* AppDelegate.m */ = {isa = PBXFileReference; lastKnownFileType = sourcecode.c.objc; path = AppDelegate.m; sourceTree = "<group>"; };
		7846335E1D728C4B0082401F /* ViewController.h */ = {isa = PBXFileReference; lastKnownFileType = sourcecode.c.h; path = ViewController.h; sourceTree = "<group>"; };
		7846335F1D728C4B0082401F /* ViewController.m */ = {isa = PBXFileReference; lastKnownFileType = sourcecode.c.objc; path = ViewController.m; sourceTree = "<group>"; };
		784633621D728C4B0082401F /* Base */ = {isa = PBXFileReference; lastKnownFileType = file.storyboard; name = Base; path = Base.lproj/Main.storyboard; sourceTree = "<group>"; };
		784633641D728C4B0082401F /* Assets.xcassets */ = {isa = PBXFileReference; lastKnownFileType = folder.assetcatalog; path = Assets.xcassets; sourceTree = "<group>"; };
		784633671D728C4B0082401F /* Base */ = {isa = PBXFileReference; lastKnownFileType = file.storyboard; name = Base; path = Base.lproj/LaunchScreen.storyboard; sourceTree = "<group>"; };
		784633691D728C4B0082401F /* Info.plist */ = {isa = PBXFileReference; lastKnownFileType = text.plist.xml; path = Info.plist; sourceTree = "<group>"; };
		7846336E1D728C4B0082401F /* CJSliderViewControllerDemoTests.xctest */ = {isa = PBXFileReference; explicitFileType = wrapper.cfbundle; includeInIndex = 0; path = CJSliderViewControllerDemoTests.xctest; sourceTree = BUILT_PRODUCTS_DIR; };
		784633721D728C4B0082401F /* CJSliderViewControllerDemoTests.m */ = {isa = PBXFileReference; lastKnownFileType = sourcecode.c.objc; path = CJSliderViewControllerDemoTests.m; sourceTree = "<group>"; };
		784633741D728C4B0082401F /* Info.plist */ = {isa = PBXFileReference; lastKnownFileType = text.plist.xml; path = Info.plist; sourceTree = "<group>"; };
		784633791D728C4B0082401F /* CJSliderViewControllerDemoUITests.xctest */ = {isa = PBXFileReference; explicitFileType = wrapper.cfbundle; includeInIndex = 0; path = CJSliderViewControllerDemoUITests.xctest; sourceTree = BUILT_PRODUCTS_DIR; };
		7846337D1D728C4B0082401F /* CJSliderViewControllerDemoUITests.m */ = {isa = PBXFileReference; lastKnownFileType = sourcecode.c.objc; path = CJSliderViewControllerDemoUITests.m; sourceTree = "<group>"; };
		7846337F1D728C4B0082401F /* Info.plist */ = {isa = PBXFileReference; lastKnownFileType = text.plist.xml; path = Info.plist; sourceTree = "<group>"; };
		78C7DC741D772CEA005F86D2 /* RadioButton_DropDown.xib */ = {isa = PBXFileReference; fileEncoding = 4; lastKnownFileType = file.xib; name = RadioButton_DropDown.xib; path = ../../../RadioButtonsDemo/RadioButtonsDemo/Views/RadioButton_DropDown.xib; sourceTree = "<group>"; };
		78C7DC751D772CEA005F86D2 /* RadioButton_Slider.xib */ = {isa = PBXFileReference; fileEncoding = 4; lastKnownFileType = file.xib; name = RadioButton_Slider.xib; path = ../../../RadioButtonsDemo/RadioButtonsDemo/Views/RadioButton_Slider.xib; sourceTree = "<group>"; };
		B0EC56D0D7C07D19634D4FBD /* Pods-CJSliderViewControllerDemoTests.release.xcconfig */ = {isa = PBXFileReference; includeInIndex = 1; lastKnownFileType = text.xcconfig; name = "Pods-CJSliderViewControllerDemoTests.release.xcconfig"; path = "Pods/Target Support Files/Pods-CJSliderViewControllerDemoTests/Pods-CJSliderViewControllerDemoTests.release.xcconfig"; sourceTree = "<group>"; };
		F6F7D528ABD912D7B698A830 /* Pods-CJSliderViewControllerDemoTests.debug.xcconfig */ = {isa = PBXFileReference; includeInIndex = 1; lastKnownFileType = text.xcconfig; name = "Pods-CJSliderViewControllerDemoTests.debug.xcconfig"; path = "Pods/Target Support Files/Pods-CJSliderViewControllerDemoTests/Pods-CJSliderViewControllerDemoTests.debug.xcconfig"; sourceTree = "<group>"; };
		FE91107218914DFA7D75744B /* libPods-CJSliderViewControllerDemoTests.a */ = {isa = PBXFileReference; explicitFileType = archive.ar; includeInIndex = 0; path = "libPods-CJSliderViewControllerDemoTests.a"; sourceTree = BUILT_PRODUCTS_DIR; };
/* End PBXFileReference section */

/* Begin PBXFrameworksBuildPhase section */
		784633521D728C4B0082401F /* Frameworks */ = {
			isa = PBXFrameworksBuildPhase;
			buildActionMask = 2147483647;
			files = (
				DEEB1B18814536B00DE8E8AD /* libPods-CJSliderViewControllerDemo.a in Frameworks */,
			);
			runOnlyForDeploymentPostprocessing = 0;
		};
		7846336B1D728C4B0082401F /* Frameworks */ = {
			isa = PBXFrameworksBuildPhase;
			buildActionMask = 2147483647;
			files = (
				561CDB18BAD79417E7464D84 /* libPods-CJSliderViewControllerDemoTests.a in Frameworks */,
			);
			runOnlyForDeploymentPostprocessing = 0;
		};
		784633761D728C4B0082401F /* Frameworks */ = {
			isa = PBXFrameworksBuildPhase;
			buildActionMask = 2147483647;
			files = (
			);
			runOnlyForDeploymentPostprocessing = 0;
		};
/* End PBXFrameworksBuildPhase section */

/* Begin PBXGroup section */
		4443D4B2B5906DB7E4C13B25 /* Frameworks */ = {
			isa = PBXGroup;
			children = (
				14C82FF300F450F62CB59D81 /* libPods-CJSliderViewControllerDemo.a */,
				FE91107218914DFA7D75744B /* libPods-CJSliderViewControllerDemoTests.a */,
			);
			name = Frameworks;
			sourceTree = "<group>";
		};
		6473EB8A2C7C4582E0068E0B /* Pods */ = {
			isa = PBXGroup;
			children = (
				4A9F16A8BD6BFD90ED37EE6B /* Pods-CJSliderViewControllerDemo.debug.xcconfig */,
				6B1AC48BEB321ED1949C07C6 /* Pods-CJSliderViewControllerDemo.release.xcconfig */,
				F6F7D528ABD912D7B698A830 /* Pods-CJSliderViewControllerDemoTests.debug.xcconfig */,
				B0EC56D0D7C07D19634D4FBD /* Pods-CJSliderViewControllerDemoTests.release.xcconfig */,
			);
			name = Pods;
			sourceTree = "<group>";
		};
		783079E11D76CEFD009689F3 /* CJButtonControllerView */ = {
			isa = PBXGroup;
			children = (
				783079E21D76CEFD009689F3 /* CJButtonControllerView.h */,
				783079E31D76CEFD009689F3 /* CJButtonControllerView.m */,
			);
			name = CJButtonControllerView;
			path = ../../CJButtonControllerView;
			sourceTree = "<group>";
		};
		7846334C1D728C4B0082401F = {
			isa = PBXGroup;
			children = (
				784633571D728C4B0082401F /* CJSliderViewControllerDemo */,
				784633711D728C4B0082401F /* CJSliderViewControllerDemoTests */,
				7846337C1D728C4B0082401F /* CJSliderViewControllerDemoUITests */,
				784633561D728C4B0082401F /* Products */,
				6473EB8A2C7C4582E0068E0B /* Pods */,
				4443D4B2B5906DB7E4C13B25 /* Frameworks */,
			);
			sourceTree = "<group>";
		};
		784633561D728C4B0082401F /* Products */ = {
			isa = PBXGroup;
			children = (
				784633551D728C4B0082401F /* CJSliderViewControllerDemo.app */,
				7846336E1D728C4B0082401F /* CJSliderViewControllerDemoTests.xctest */,
				784633791D728C4B0082401F /* CJSliderViewControllerDemoUITests.xctest */,
			);
			name = Products;
			sourceTree = "<group>";
		};
		784633571D728C4B0082401F /* CJSliderViewControllerDemo */ = {
			isa = PBXGroup;
			children = (
				7846335B1D728C4B0082401F /* AppDelegate.h */,
				7846335C1D728C4B0082401F /* AppDelegate.m */,
				7846335E1D728C4B0082401F /* ViewController.h */,
				7846335F1D728C4B0082401F /* ViewController.m */,
				783079E11D76CEFD009689F3 /* CJButtonControllerView */,
				7846338B1D728C740082401F /* Controllers */,
				7846338C1D728C740082401F /* Views */,
				784633611D728C4B0082401F /* Main.storyboard */,
				784633641D728C4B0082401F /* Assets.xcassets */,
				784633661D728C4B0082401F /* LaunchScreen.storyboard */,
				784633691D728C4B0082401F /* Info.plist */,
				784633581D728C4B0082401F /* Supporting Files */,
			);
			path = CJSliderViewControllerDemo;
			sourceTree = "<group>";
		};
		784633581D728C4B0082401F /* Supporting Files */ = {
			isa = PBXGroup;
			children = (
				784633591D728C4B0082401F /* main.m */,
			);
			name = "Supporting Files";
			sourceTree = "<group>";
		};
		784633711D728C4B0082401F /* CJSliderViewControllerDemoTests */ = {
			isa = PBXGroup;
			children = (
				784633721D728C4B0082401F /* CJSliderViewControllerDemoTests.m */,
				784633741D728C4B0082401F /* Info.plist */,
			);
			path = CJSliderViewControllerDemoTests;
			sourceTree = "<group>";
		};
		7846337C1D728C4B0082401F /* CJSliderViewControllerDemoUITests */ = {
			isa = PBXGroup;
			children = (
				7846337D1D728C4B0082401F /* CJSliderViewControllerDemoUITests.m */,
				7846337F1D728C4B0082401F /* Info.plist */,
			);
			path = CJSliderViewControllerDemoUITests;
			sourceTree = "<group>";
		};
		7846338B1D728C740082401F /* Controllers */ = {
			isa = PBXGroup;
			children = (
				783079D41D769295009689F3 /* SliderViewController.h */,
				783079D51D769295009689F3 /* SliderViewController.m */,
				783079D61D769295009689F3 /* SliderViewController.xib */,
				783079D91D769580009689F3 /* SliderViewController2.h */,
				783079DA1D769580009689F3 /* SliderViewController2.m */,
				783079DB1D769580009689F3 /* SliderViewController2.xib */,
			);
			path = Controllers;
			sourceTree = "<group>";
		};
		7846338C1D728C740082401F /* Views */ = {
			isa = PBXGroup;
			children = (
				78C7DC741D772CEA005F86D2 /* RadioButton_DropDown.xib */,
				78C7DC751D772CEA005F86D2 /* RadioButton_Slider.xib */,
			);
			path = Views;
			sourceTree = "<group>";
		};
/* End PBXGroup section */

/* Begin PBXNativeTarget section */
		784633541D728C4B0082401F /* CJSliderViewControllerDemo */ = {
			isa = PBXNativeTarget;
			buildConfigurationList = 784633821D728C4B0082401F /* Build configuration list for PBXNativeTarget "CJSliderViewControllerDemo" */;
			buildPhases = (
				B4047D35E9D9CF60B5AE85C7 /* 📦 Check Pods Manifest.lock */,
				784633511D728C4B0082401F /* Sources */,
				784633521D728C4B0082401F /* Frameworks */,
				784633531D728C4B0082401F /* Resources */,
				5283F38D90496FC3AF42EF4E /* 📦 Embed Pods Frameworks */,
				85CAFDF1E283CFF55D3BB210 /* 📦 Copy Pods Resources */,
			);
			buildRules = (
			);
			dependencies = (
			);
			name = CJSliderViewControllerDemo;
			productName = CJSliderViewControllerDemo;
			productReference = 784633551D728C4B0082401F /* CJSliderViewControllerDemo.app */;
			productType = "com.apple.product-type.application";
		};
		7846336D1D728C4B0082401F /* CJSliderViewControllerDemoTests */ = {
			isa = PBXNativeTarget;
			buildConfigurationList = 784633851D728C4B0082401F /* Build configuration list for PBXNativeTarget "CJSliderViewControllerDemoTests" */;
			buildPhases = (
				B830E04B419DCF688C125558 /* 📦 Check Pods Manifest.lock */,
				7846336A1D728C4B0082401F /* Sources */,
				7846336B1D728C4B0082401F /* Frameworks */,
				7846336C1D728C4B0082401F /* Resources */,
				075C93063B49161AFF675DA8 /* 📦 Embed Pods Frameworks */,
				4BC6C7708C84F77EC7A6B755 /* 📦 Copy Pods Resources */,
			);
			buildRules = (
			);
			dependencies = (
				784633701D728C4B0082401F /* PBXTargetDependency */,
			);
			name = CJSliderViewControllerDemoTests;
			productName = CJSliderViewControllerDemoTests;
			productReference = 7846336E1D728C4B0082401F /* CJSliderViewControllerDemoTests.xctest */;
			productType = "com.apple.product-type.bundle.unit-test";
		};
		784633781D728C4B0082401F /* CJSliderViewControllerDemoUITests */ = {
			isa = PBXNativeTarget;
			buildConfigurationList = 784633881D728C4B0082401F /* Build configuration list for PBXNativeTarget "CJSliderViewControllerDemoUITests" */;
			buildPhases = (
				784633751D728C4B0082401F /* Sources */,
				784633761D728C4B0082401F /* Frameworks */,
				784633771D728C4B0082401F /* Resources */,
			);
			buildRules = (
			);
			dependencies = (
				7846337B1D728C4B0082401F /* PBXTargetDependency */,
			);
			name = CJSliderViewControllerDemoUITests;
			productName = CJSliderViewControllerDemoUITests;
			productReference = 784633791D728C4B0082401F /* CJSliderViewControllerDemoUITests.xctest */;
			productType = "com.apple.product-type.bundle.ui-testing";
		};
/* End PBXNativeTarget section */

/* Begin PBXProject section */
		7846334D1D728C4B0082401F /* Project object */ = {
			isa = PBXProject;
			attributes = {
				LastUpgradeCheck = 0730;
				ORGANIZATIONNAME = dvlproad;
				TargetAttributes = {
					784633541D728C4B0082401F = {
						CreatedOnToolsVersion = 7.3.1;
					};
					7846336D1D728C4B0082401F = {
						CreatedOnToolsVersion = 7.3.1;
						TestTargetID = 784633541D728C4B0082401F;
					};
					784633781D728C4B0082401F = {
						CreatedOnToolsVersion = 7.3.1;
						TestTargetID = 784633541D728C4B0082401F;
					};
				};
			};
			buildConfigurationList = 784633501D728C4B0082401F /* Build configuration list for PBXProject "CJSliderViewControllerDemo" */;
			compatibilityVersion = "Xcode 3.2";
			developmentRegion = English;
			hasScannedForEncodings = 0;
			knownRegions = (
				en,
				Base,
			);
			mainGroup = 7846334C1D728C4B0082401F;
			productRefGroup = 784633561D728C4B0082401F /* Products */;
			projectDirPath = "";
			projectRoot = "";
			targets = (
				784633541D728C4B0082401F /* CJSliderViewControllerDemo */,
				7846336D1D728C4B0082401F /* CJSliderViewControllerDemoTests */,
				784633781D728C4B0082401F /* CJSliderViewControllerDemoUITests */,
			);
		};
/* End PBXProject section */

/* Begin PBXResourcesBuildPhase section */
		784633531D728C4B0082401F /* Resources */ = {
			isa = PBXResourcesBuildPhase;
			buildActionMask = 2147483647;
			files = (
				783079DD1D769580009689F3 /* SliderViewController2.xib in Resources */,
				784633681D728C4B0082401F /* LaunchScreen.storyboard in Resources */,
				783079D81D769295009689F3 /* SliderViewController.xib in Resources */,
				784633651D728C4B0082401F /* Assets.xcassets in Resources */,
				78C7DC761D772CEA005F86D2 /* RadioButton_DropDown.xib in Resources */,
				784633631D728C4B0082401F /* Main.storyboard in Resources */,
				78C7DC771D772CEA005F86D2 /* RadioButton_Slider.xib in Resources */,
			);
			runOnlyForDeploymentPostprocessing = 0;
		};
		7846336C1D728C4B0082401F /* Resources */ = {
			isa = PBXResourcesBuildPhase;
			buildActionMask = 2147483647;
			files = (
			);
			runOnlyForDeploymentPostprocessing = 0;
		};
		784633771D728C4B0082401F /* Resources */ = {
			isa = PBXResourcesBuildPhase;
			buildActionMask = 2147483647;
			files = (
			);
			runOnlyForDeploymentPostprocessing = 0;
		};
/* End PBXResourcesBuildPhase section */

/* Begin PBXShellScriptBuildPhase section */
		075C93063B49161AFF675DA8 /* 📦 Embed Pods Frameworks */ = {
			isa = PBXShellScriptBuildPhase;
			buildActionMask = 2147483647;
			files = (
			);
			inputPaths = (
			);
			name = "📦 Embed Pods Frameworks";
			outputPaths = (
			);
			runOnlyForDeploymentPostprocessing = 0;
			shellPath = /bin/sh;
			shellScript = "\"${SRCROOT}/Pods/Target Support Files/Pods-CJSliderViewControllerDemoTests/Pods-CJSliderViewControllerDemoTests-frameworks.sh\"\n";
			showEnvVarsInLog = 0;
		};
		4BC6C7708C84F77EC7A6B755 /* 📦 Copy Pods Resources */ = {
			isa = PBXShellScriptBuildPhase;
			buildActionMask = 2147483647;
			files = (
			);
			inputPaths = (
			);
			name = "📦 Copy Pods Resources";
			outputPaths = (
			);
			runOnlyForDeploymentPostprocessing = 0;
			shellPath = /bin/sh;
			shellScript = "\"${SRCROOT}/Pods/Target Support Files/Pods-CJSliderViewControllerDemoTests/Pods-CJSliderViewControllerDemoTests-resources.sh\"\n";
			showEnvVarsInLog = 0;
		};
		5283F38D90496FC3AF42EF4E /* 📦 Embed Pods Frameworks */ = {
			isa = PBXShellScriptBuildPhase;
			buildActionMask = 2147483647;
			files = (
			);
			inputPaths = (
			);
			name = "📦 Embed Pods Frameworks";
			outputPaths = (
			);
			runOnlyForDeploymentPostprocessing = 0;
			shellPath = /bin/sh;
			shellScript = "\"${SRCROOT}/Pods/Target Support Files/Pods-CJSliderViewControllerDemo/Pods-CJSliderViewControllerDemo-frameworks.sh\"\n";
			showEnvVarsInLog = 0;
		};
		85CAFDF1E283CFF55D3BB210 /* 📦 Copy Pods Resources */ = {
			isa = PBXShellScriptBuildPhase;
			buildActionMask = 2147483647;
			files = (
			);
			inputPaths = (
			);
			name = "📦 Copy Pods Resources";
			outputPaths = (
			);
			runOnlyForDeploymentPostprocessing = 0;
			shellPath = /bin/sh;
			shellScript = "\"${SRCROOT}/Pods/Target Support Files/Pods-CJSliderViewControllerDemo/Pods-CJSliderViewControllerDemo-resources.sh\"\n";
			showEnvVarsInLog = 0;
		};
		B4047D35E9D9CF60B5AE85C7 /* 📦 Check Pods Manifest.lock */ = {
			isa = PBXShellScriptBuildPhase;
			buildActionMask = 2147483647;
			files = (
			);
			inputPaths = (
			);
			name = "📦 Check Pods Manifest.lock";
			outputPaths = (
			);
			runOnlyForDeploymentPostprocessing = 0;
			shellPath = /bin/sh;
			shellScript = "diff \"${PODS_ROOT}/../Podfile.lock\" \"${PODS_ROOT}/Manifest.lock\" > /dev/null\nif [[ $? != 0 ]] ; then\n    cat << EOM\nerror: The sandbox is not in sync with the Podfile.lock. Run 'pod install' or update your CocoaPods installation.\nEOM\n    exit 1\nfi\n";
			showEnvVarsInLog = 0;
		};
		B830E04B419DCF688C125558 /* 📦 Check Pods Manifest.lock */ = {
			isa = PBXShellScriptBuildPhase;
			buildActionMask = 2147483647;
			files = (
			);
			inputPaths = (
			);
			name = "📦 Check Pods Manifest.lock";
			outputPaths = (
			);
			runOnlyForDeploymentPostprocessing = 0;
			shellPath = /bin/sh;
			shellScript = "diff \"${PODS_ROOT}/../Podfile.lock\" \"${PODS_ROOT}/Manifest.lock\" > /dev/null\nif [[ $? != 0 ]] ; then\n    cat << EOM\nerror: The sandbox is not in sync with the Podfile.lock. Run 'pod install' or update your CocoaPods installation.\nEOM\n    exit 1\nfi\n";
			showEnvVarsInLog = 0;
		};
/* End PBXShellScriptBuildPhase section */

/* Begin PBXSourcesBuildPhase section */
		784633511D728C4B0082401F /* Sources */ = {
			isa = PBXSourcesBuildPhase;
			buildActionMask = 2147483647;
			files = (
				783079DC1D769580009689F3 /* SliderViewController2.m in Sources */,
				784633601D728C4B0082401F /* ViewController.m in Sources */,
				7846335D1D728C4B0082401F /* AppDelegate.m in Sources */,
				783079D71D769295009689F3 /* SliderViewController.m in Sources */,
				7846335A1D728C4B0082401F /* main.m in Sources */,
				783079E41D76CEFD009689F3 /* CJButtonControllerView.m in Sources */,
			);
			runOnlyForDeploymentPostprocessing = 0;
		};
		7846336A1D728C4B0082401F /* Sources */ = {
			isa = PBXSourcesBuildPhase;
			buildActionMask = 2147483647;
			files = (
				784633731D728C4B0082401F /* CJSliderViewControllerDemoTests.m in Sources */,
			);
			runOnlyForDeploymentPostprocessing = 0;
		};
		784633751D728C4B0082401F /* Sources */ = {
			isa = PBXSourcesBuildPhase;
			buildActionMask = 2147483647;
			files = (
				7846337E1D728C4B0082401F /* CJSliderViewControllerDemoUITests.m in Sources */,
			);
			runOnlyForDeploymentPostprocessing = 0;
		};
/* End PBXSourcesBuildPhase section */

/* Begin PBXTargetDependency section */
		784633701D728C4B0082401F /* PBXTargetDependency */ = {
			isa = PBXTargetDependency;
			target = 784633541D728C4B0082401F /* CJSliderViewControllerDemo */;
			targetProxy = 7846336F1D728C4B0082401F /* PBXContainerItemProxy */;
		};
		7846337B1D728C4B0082401F /* PBXTargetDependency */ = {
			isa = PBXTargetDependency;
			target = 784633541D728C4B0082401F /* CJSliderViewControllerDemo */;
			targetProxy = 7846337A1D728C4B0082401F /* PBXContainerItemProxy */;
		};
/* End PBXTargetDependency section */

/* Begin PBXVariantGroup section */
		784633611D728C4B0082401F /* Main.storyboard */ = {
			isa = PBXVariantGroup;
			children = (
				784633621D728C4B0082401F /* Base */,
			);
			name = Main.storyboard;
			sourceTree = "<group>";
		};
		784633661D728C4B0082401F /* LaunchScreen.storyboard */ = {
			isa = PBXVariantGroup;
			children = (
				784633671D728C4B0082401F /* Base */,
			);
			name = LaunchScreen.storyboard;
			sourceTree = "<group>";
		};
/* End PBXVariantGroup section */

/* Begin XCBuildConfiguration section */
		784633801D728C4B0082401F /* Debug */ = {
			isa = XCBuildConfiguration;
			buildSettings = {
				ALWAYS_SEARCH_USER_PATHS = NO;
				CLANG_ANALYZER_NONNULL = YES;
				CLANG_CXX_LANGUAGE_STANDARD = "gnu++0x";
				CLANG_CXX_LIBRARY = "libc++";
				CLANG_ENABLE_MODULES = YES;
				CLANG_ENABLE_OBJC_ARC = YES;
				CLANG_WARN_BOOL_CONVERSION = YES;
				CLANG_WARN_CONSTANT_CONVERSION = YES;
				CLANG_WARN_DIRECT_OBJC_ISA_USAGE = YES_ERROR;
				CLANG_WARN_EMPTY_BODY = YES;
				CLANG_WARN_ENUM_CONVERSION = YES;
				CLANG_WARN_INT_CONVERSION = YES;
				CLANG_WARN_OBJC_ROOT_CLASS = YES_ERROR;
				CLANG_WARN_UNREACHABLE_CODE = YES;
				CLANG_WARN__DUPLICATE_METHOD_MATCH = YES;
				"CODE_SIGN_IDENTITY[sdk=iphoneos*]" = "iPhone Developer";
				COPY_PHASE_STRIP = NO;
				DEBUG_INFORMATION_FORMAT = dwarf;
				ENABLE_STRICT_OBJC_MSGSEND = YES;
				ENABLE_TESTABILITY = YES;
				GCC_C_LANGUAGE_STANDARD = gnu99;
				GCC_DYNAMIC_NO_PIC = NO;
				GCC_NO_COMMON_BLOCKS = YES;
				GCC_OPTIMIZATION_LEVEL = 0;
				GCC_PREPROCESSOR_DEFINITIONS = (
					"DEBUG=1",
					"$(inherited)",
				);
				GCC_WARN_64_TO_32_BIT_CONVERSION = YES;
				GCC_WARN_ABOUT_RETURN_TYPE = YES_ERROR;
				GCC_WARN_UNDECLARED_SELECTOR = YES;
				GCC_WARN_UNINITIALIZED_AUTOS = YES_AGGRESSIVE;
				GCC_WARN_UNUSED_FUNCTION = YES;
				GCC_WARN_UNUSED_VARIABLE = YES;
				IPHONEOS_DEPLOYMENT_TARGET = 9.3;
				MTL_ENABLE_DEBUG_INFO = YES;
				ONLY_ACTIVE_ARCH = YES;
				SDKROOT = iphoneos;
				TARGETED_DEVICE_FAMILY = "1,2";
			};
			name = Debug;
		};
		784633811D728C4B0082401F /* Release */ = {
			isa = XCBuildConfiguration;
			buildSettings = {
				ALWAYS_SEARCH_USER_PATHS = NO;
				CLANG_ANALYZER_NONNULL = YES;
				CLANG_CXX_LANGUAGE_STANDARD = "gnu++0x";
				CLANG_CXX_LIBRARY = "libc++";
				CLANG_ENABLE_MODULES = YES;
				CLANG_ENABLE_OBJC_ARC = YES;
				CLANG_WARN_BOOL_CONVERSION = YES;
				CLANG_WARN_CONSTANT_CONVERSION = YES;
				CLANG_WARN_DIRECT_OBJC_ISA_USAGE = YES_ERROR;
				CLANG_WARN_EMPTY_BODY = YES;
				CLANG_WARN_ENUM_CONVERSION = YES;
				CLANG_WARN_INT_CONVERSION = YES;
				CLANG_WARN_OBJC_ROOT_CLASS = YES_ERROR;
				CLANG_WARN_UNREACHABLE_CODE = YES;
				CLANG_WARN__DUPLICATE_METHOD_MATCH = YES;
				"CODE_SIGN_IDENTITY[sdk=iphoneos*]" = "iPhone Developer";
				COPY_PHASE_STRIP = NO;
				DEBUG_INFORMATION_FORMAT = "dwarf-with-dsym";
				ENABLE_NS_ASSERTIONS = NO;
				ENABLE_STRICT_OBJC_MSGSEND = YES;
				GCC_C_LANGUAGE_STANDARD = gnu99;
				GCC_NO_COMMON_BLOCKS = YES;
				GCC_WARN_64_TO_32_BIT_CONVERSION = YES;
				GCC_WARN_ABOUT_RETURN_TYPE = YES_ERROR;
				GCC_WARN_UNDECLARED_SELECTOR = YES;
				GCC_WARN_UNINITIALIZED_AUTOS = YES_AGGRESSIVE;
				GCC_WARN_UNUSED_FUNCTION = YES;
				GCC_WARN_UNUSED_VARIABLE = YES;
				IPHONEOS_DEPLOYMENT_TARGET = 9.3;
				MTL_ENABLE_DEBUG_INFO = NO;
				SDKROOT = iphoneos;
				TARGETED_DEVICE_FAMILY = "1,2";
				VALIDATE_PRODUCT = YES;
			};
			name = Release;
		};
		784633831D728C4B0082401F /* Debug */ = {
			isa = XCBuildConfiguration;
			baseConfigurationReference = 4A9F16A8BD6BFD90ED37EE6B /* Pods-CJSliderViewControllerDemo.debug.xcconfig */;
			buildSettings = {
				ASSETCATALOG_COMPILER_APPICON_NAME = AppIcon;
				INFOPLIST_FILE = CJSliderViewControllerDemo/Info.plist;
				LD_RUNPATH_SEARCH_PATHS = "$(inherited) @executable_path/Frameworks";
				PRODUCT_BUNDLE_IDENTIFIER = com.dvlproad.CJSliderViewControllerDemo;
				PRODUCT_NAME = "$(TARGET_NAME)";
			};
			name = Debug;
		};
		784633841D728C4B0082401F /* Release */ = {
			isa = XCBuildConfiguration;
			baseConfigurationReference = 6B1AC48BEB321ED1949C07C6 /* Pods-CJSliderViewControllerDemo.release.xcconfig */;
			buildSettings = {
				ASSETCATALOG_COMPILER_APPICON_NAME = AppIcon;
				INFOPLIST_FILE = CJSliderViewControllerDemo/Info.plist;
				LD_RUNPATH_SEARCH_PATHS = "$(inherited) @executable_path/Frameworks";
				PRODUCT_BUNDLE_IDENTIFIER = com.dvlproad.CJSliderViewControllerDemo;
				PRODUCT_NAME = "$(TARGET_NAME)";
			};
			name = Release;
		};
		784633861D728C4B0082401F /* Debug */ = {
			isa = XCBuildConfiguration;
			baseConfigurationReference = F6F7D528ABD912D7B698A830 /* Pods-CJSliderViewControllerDemoTests.debug.xcconfig */;
			buildSettings = {
				BUNDLE_LOADER = "$(TEST_HOST)";
				INFOPLIST_FILE = CJSliderViewControllerDemoTests/Info.plist;
				LD_RUNPATH_SEARCH_PATHS = "$(inherited) @executable_path/Frameworks @loader_path/Frameworks";
				PRODUCT_BUNDLE_IDENTIFIER = com.dvlproad.CJSliderViewControllerDemoTests;
				PRODUCT_NAME = "$(TARGET_NAME)";
				TEST_HOST = "$(BUILT_PRODUCTS_DIR)/CJSliderViewControllerDemo.app/CJSliderViewControllerDemo";
			};
			name = Debug;
		};
		784633871D728C4B0082401F /* Release */ = {
			isa = XCBuildConfiguration;
			baseConfigurationReference = B0EC56D0D7C07D19634D4FBD /* Pods-CJSliderViewControllerDemoTests.release.xcconfig */;
			buildSettings = {
				BUNDLE_LOADER = "$(TEST_HOST)";
				INFOPLIST_FILE = CJSliderViewControllerDemoTests/Info.plist;
				LD_RUNPATH_SEARCH_PATHS = "$(inherited) @executable_path/Frameworks @loader_path/Frameworks";
				PRODUCT_BUNDLE_IDENTIFIER = com.dvlproad.CJSliderViewControllerDemoTests;
				PRODUCT_NAME = "$(TARGET_NAME)";
				TEST_HOST = "$(BUILT_PRODUCTS_DIR)/CJSliderViewControllerDemo.app/CJSliderViewControllerDemo";
			};
			name = Release;
		};
		784633891D728C4B0082401F /* Debug */ = {
			isa = XCBuildConfiguration;
			buildSettings = {
				INFOPLIST_FILE = CJSliderViewControllerDemoUITests/Info.plist;
				LD_RUNPATH_SEARCH_PATHS = "$(inherited) @executable_path/Frameworks @loader_path/Frameworks";
				PRODUCT_BUNDLE_IDENTIFIER = com.dvlproad.CJSliderViewControllerDemoUITests;
				PRODUCT_NAME = "$(TARGET_NAME)";
				TEST_TARGET_NAME = CJSliderViewControllerDemo;
			};
			name = Debug;
		};
		7846338A1D728C4B0082401F /* Release */ = {
			isa = XCBuildConfiguration;
			buildSettings = {
				INFOPLIST_FILE = CJSliderViewControllerDemoUITests/Info.plist;
				LD_RUNPATH_SEARCH_PATHS = "$(inherited) @executable_path/Frameworks @loader_path/Frameworks";
				PRODUCT_BUNDLE_IDENTIFIER = com.dvlproad.CJSliderViewControllerDemoUITests;
				PRODUCT_NAME = "$(TARGET_NAME)";
				TEST_TARGET_NAME = CJSliderViewControllerDemo;
			};
			name = Release;
		};
/* End XCBuildConfiguration section */

/* Begin XCConfigurationList section */
		784633501D728C4B0082401F /* Build configuration list for PBXProject "CJSliderViewControllerDemo" */ = {
			isa = XCConfigurationList;
			buildConfigurations = (
				784633801D728C4B0082401F /* Debug */,
				784633811D728C4B0082401F /* Release */,
			);
			defaultConfigurationIsVisible = 0;
			defaultConfigurationName = Release;
		};
		784633821D728C4B0082401F /* Build configuration list for PBXNativeTarget "CJSliderViewControllerDemo" */ = {
			isa = XCConfigurationList;
			buildConfigurations = (
				784633831D728C4B0082401F /* Debug */,
				784633841D728C4B0082401F /* Release */,
			);
			defaultConfigurationIsVisible = 0;
			defaultConfigurationName = Release;
		};
		784633851D728C4B0082401F /* Build configuration list for PBXNativeTarget "CJSliderViewControllerDemoTests" */ = {
			isa = XCConfigurationList;
			buildConfigurations = (
				784633861D728C4B0082401F /* Debug */,
				784633871D728C4B0082401F /* Release */,
			);
			defaultConfigurationIsVisible = 0;
			defaultConfigurationName = Release;
		};
		784633881D728C4B0082401F /* Build configuration list for PBXNativeTarget "CJSliderViewControllerDemoUITests" */ = {
			isa = XCConfigurationList;
			buildConfigurations = (
				784633891D728C4B0082401F /* Debug */,
				7846338A1D728C4B0082401F /* Release */,
			);
			defaultConfigurationIsVisible = 0;
			defaultConfigurationName = Release;
		};
/* End XCConfigurationList section */
	};
	rootObject = 7846334D1D728C4B0082401F /* Project object */;
}
