// !$*UTF8*$!
{
	archiveVersion = 1;
	classes = {
	};
	objectVersion = 46;
	objects = {

/* Begin PBXBuildFile section */
		4E32B23A1DB2776F076784B9 /* libPods-CJRadioDemoTests.a in Frameworks */ = {isa = PBXBuildFile; fileRef = EAF8BB37787142A3942C3BEE /* libPods-CJRadioDemoTests.a */; };
		784B62D31EB8323900BE5BEF /* CJButton.m in Sources */ = {isa = PBXBuildFile; fileRef = 784B62C21EB8323900BE5BEF /* CJButton.m */; };
		784B62D41EB8323900BE5BEF /* MyButton.m in Sources */ = {isa = PBXBuildFile; fileRef = 784B62C41EB8323900BE5BEF /* MyButton.m */; };
		784B62D51EB8323900BE5BEF /* CJRadioButtons.m in Sources */ = {isa = PBXBuildFile; fileRef = 784B62C61EB8323900BE5BEF /* CJRadioButtons.m */; };
		784B62D81EB8323900BE5BEF /* arrowDown_dark.png in Resources */ = {isa = PBXBuildFile; fileRef = 784B62CD1EB8323900BE5BEF /* arrowDown_dark.png */; };
		784B62D91EB8323900BE5BEF /* arrowLeft_gray@2x.png in Resources */ = {isa = PBXBuildFile; fileRef = 784B62CE1EB8323900BE5BEF /* arrowLeft_gray@2x.png */; };
		784B62DA1EB8323900BE5BEF /* arrowLeft_red@2x.png in Resources */ = {isa = PBXBuildFile; fileRef = 784B62CF1EB8323900BE5BEF /* arrowLeft_red@2x.png */; };
		784B62DB1EB8323900BE5BEF /* arrowRight_gray@2x.png in Resources */ = {isa = PBXBuildFile; fileRef = 784B62D01EB8323900BE5BEF /* arrowRight_gray@2x.png */; };
		784B62DC1EB8323900BE5BEF /* arrowRight_red@2x.png in Resources */ = {isa = PBXBuildFile; fileRef = 784B62D11EB8323900BE5BEF /* arrowRight_red@2x.png */; };
		784B62DD1EB8323900BE5BEF /* arrowUp_white@2x.png in Resources */ = {isa = PBXBuildFile; fileRef = 784B62D21EB8323900BE5BEF /* arrowUp_white@2x.png */; };
		784B62E31EB8326100BE5BEF /* CJCycleComposeView.m in Sources */ = {isa = PBXBuildFile; fileRef = 784B62E01EB8326100BE5BEF /* CJCycleComposeView.m */; };
		784B62E41EB8326100BE5BEF /* UIScrollView+CJAddContentView.m in Sources */ = {isa = PBXBuildFile; fileRef = 784B62E21EB8326100BE5BEF /* UIScrollView+CJAddContentView.m */; };
		784B62E81EB8351600BE5BEF /* CJRadioButtonCycleComposeView.m in Sources */ = {isa = PBXBuildFile; fileRef = 784B62E71EB8351600BE5BEF /* CJRadioButtonCycleComposeView.m */; };
		785B222E1E3A21D800D0A085 /* main.m in Sources */ = {isa = PBXBuildFile; fileRef = 785B222D1E3A21D800D0A085 /* main.m */; };
		785B22311E3A21D800D0A085 /* AppDelegate.m in Sources */ = {isa = PBXBuildFile; fileRef = 785B22301E3A21D800D0A085 /* AppDelegate.m */; };
		785B22341E3A21D800D0A085 /* ViewController.m in Sources */ = {isa = PBXBuildFile; fileRef = 785B22331E3A21D800D0A085 /* ViewController.m */; };
		785B22371E3A21D800D0A085 /* Main.storyboard in Resources */ = {isa = PBXBuildFile; fileRef = 785B22351E3A21D800D0A085 /* Main.storyboard */; };
		785B22391E3A21D800D0A085 /* Assets.xcassets in Resources */ = {isa = PBXBuildFile; fileRef = 785B22381E3A21D800D0A085 /* Assets.xcassets */; };
		785B223C1E3A21D800D0A085 /* LaunchScreen.storyboard in Resources */ = {isa = PBXBuildFile; fileRef = 785B223A1E3A21D800D0A085 /* LaunchScreen.storyboard */; };
		785B22471E3A21D800D0A085 /* CJRadioDemoTests.m in Sources */ = {isa = PBXBuildFile; fileRef = 785B22461E3A21D800D0A085 /* CJRadioDemoTests.m */; };
		785B22521E3A21D800D0A085 /* CJRadioDemoUITests.m in Sources */ = {isa = PBXBuildFile; fileRef = 785B22511E3A21D800D0A085 /* CJRadioDemoUITests.m */; };
		785B22A21E3A293C00D0A085 /* Home1.m in Sources */ = {isa = PBXBuildFile; fileRef = 785B229E1E3A293C00D0A085 /* Home1.m */; };
		785B22A41E3A293C00D0A085 /* TestDataUtil.m in Sources */ = {isa = PBXBuildFile; fileRef = 785B22A11E3A293C00D0A085 /* TestDataUtil.m */; };
		785B22B21E3A454600D0A085 /* SliderViewController.m in Sources */ = {isa = PBXBuildFile; fileRef = 785B22A91E3A454500D0A085 /* SliderViewController.m */; };
		785B22B31E3A454600D0A085 /* SliderViewController.xib in Resources */ = {isa = PBXBuildFile; fileRef = 785B22AA1E3A454500D0A085 /* SliderViewController.xib */; };
		785B22B41E3A454600D0A085 /* RadioButtonCycleComposeViewController.m in Sources */ = {isa = PBXBuildFile; fileRef = 785B22AC1E3A454500D0A085 /* RadioButtonCycleComposeViewController.m */; };
		785B22B51E3A454600D0A085 /* RadioButtonCycleComposeViewController.xib in Resources */ = {isa = PBXBuildFile; fileRef = 785B22AD1E3A454500D0A085 /* RadioButtonCycleComposeViewController.xib */; };
		785B22B61E3A454600D0A085 /* SystemComposeViewController.m in Sources */ = {isa = PBXBuildFile; fileRef = 785B22AF1E3A454600D0A085 /* SystemComposeViewController.m */; };
		785B22BC1E3A455D00D0A085 /* addChannel_normal@2x.png in Resources */ = {isa = PBXBuildFile; fileRef = 785B22BA1E3A455D00D0A085 /* addChannel_normal@2x.png */; };
		785B22BD1E3A455D00D0A085 /* addChannel_selected@2x.png in Resources */ = {isa = PBXBuildFile; fileRef = 785B22BB1E3A455D00D0A085 /* addChannel_selected@2x.png */; };
		785B22CD1E3A570F00D0A085 /* MyRadioButtonsPopupSampleViewController.m in Sources */ = {isa = PBXBuildFile; fileRef = 785B22C41E3A570F00D0A085 /* MyRadioButtonsPopupSampleViewController.m */; };
		785B22CE1E3A570F00D0A085 /* MyRadioButtonsPopupSampleViewController.xib in Resources */ = {isa = PBXBuildFile; fileRef = 785B22C51E3A570F00D0A085 /* MyRadioButtonsPopupSampleViewController.xib */; };
		785B22CF1E3A570F00D0A085 /* DemoSliderRadioButtonsDataSourceViewController.m in Sources */ = {isa = PBXBuildFile; fileRef = 785B22C71E3A570F00D0A085 /* DemoSliderRadioButtonsDataSourceViewController.m */; };
		785B22D01E3A570F00D0A085 /* DemoSliderRadioButtonsDataSourceViewController.xib in Resources */ = {isa = PBXBuildFile; fileRef = 785B22C81E3A570F00D0A085 /* DemoSliderRadioButtonsDataSourceViewController.xib */; };
		785B22D11E3A570F00D0A085 /* CycleComposeViewController.m in Sources */ = {isa = PBXBuildFile; fileRef = 785B22CB1E3A570F00D0A085 /* CycleComposeViewController.m */; };
		785B22D21E3A570F00D0A085 /* CycleComposeViewController.xib in Resources */ = {isa = PBXBuildFile; fileRef = 785B22CC1E3A570F00D0A085 /* CycleComposeViewController.xib */; };
		785D80E71F7ABACA00B36390 /* CJEqualSizeRadioButtons.m in Sources */ = {isa = PBXBuildFile; fileRef = 785D80E61F7ABACA00B36390 /* CJEqualSizeRadioButtons.m */; };
		785D80EA1F7ABB2700B36390 /* CJEqualSizeSettingModel.m in Sources */ = {isa = PBXBuildFile; fileRef = 785D80E91F7ABB2700B36390 /* CJEqualSizeSettingModel.m */; };
		78720BC9216D9C820020333E /* AChildViewController.m in Sources */ = {isa = PBXBuildFile; fileRef = 78720BC8216D9C820020333E /* AChildViewController.m */; };
		78720BCC216D9C960020333E /* BChildViewController.m in Sources */ = {isa = PBXBuildFile; fileRef = 78720BCB216D9C960020333E /* BChildViewController.m */; };
		78720BCF216D9CA80020333E /* CChildViewController.m in Sources */ = {isa = PBXBuildFile; fileRef = 78720BCD216D9CA70020333E /* CChildViewController.m */; };
		78720BD2216D9CC50020333E /* DChildViewController.m in Sources */ = {isa = PBXBuildFile; fileRef = 78720BD1216D9CC50020333E /* DChildViewController.m */; };
		78720BD5216D9CD10020333E /* EChildViewController.m in Sources */ = {isa = PBXBuildFile; fileRef = 78720BD4216D9CD10020333E /* EChildViewController.m */; };
		78720BD8216D9CDD0020333E /* FChildViewController.m in Sources */ = {isa = PBXBuildFile; fileRef = 78720BD7216D9CDD0020333E /* FChildViewController.m */; };
		78720BDC216DC4940020333E /* CycleComposeViewHomeViewController.m in Sources */ = {isa = PBXBuildFile; fileRef = 78720BDB216DC4940020333E /* CycleComposeViewHomeViewController.m */; };
		78720BE0216DCA550020333E /* SliderVCElementFactory.m in Sources */ = {isa = PBXBuildFile; fileRef = 78720BDF216DCA550020333E /* SliderVCElementFactory.m */; };
		7885FC5A21566C1700B97DAA /* AppDelegate+WindowRootViewController.m in Sources */ = {isa = PBXBuildFile; fileRef = 7885FC5621566C1700B97DAA /* AppDelegate+WindowRootViewController.m */; };
		7885FC6721566E5500B97DAA /* PopopButtonsHomeViewController.m in Sources */ = {isa = PBXBuildFile; fileRef = 7885FC5D21566E5500B97DAA /* PopopButtonsHomeViewController.m */; };
		7885FC6821566E5500B97DAA /* RadioButtonHomeViewController.m in Sources */ = {isa = PBXBuildFile; fileRef = 7885FC6021566E5500B97DAA /* RadioButtonHomeViewController.m */; };
		7885FC6921566E5500B97DAA /* SliderVCsHomeViewController.m in Sources */ = {isa = PBXBuildFile; fileRef = 7885FC6221566E5500B97DAA /* SliderVCsHomeViewController.m */; };
		7885FC6A21566E5500B97DAA /* SliderButtonsHomeViewController.m in Sources */ = {isa = PBXBuildFile; fileRef = 7885FC6521566E5500B97DAA /* SliderButtonsHomeViewController.m */; };
		7885FC7E2156700300B97DAA /* bg@2x.jpg in Resources */ = {isa = PBXBuildFile; fileRef = 7885FC6B2156700200B97DAA /* bg@2x.jpg */; };
		7885FC7F2156700300B97DAA /* icons8-menu.png in Resources */ = {isa = PBXBuildFile; fileRef = 7885FC6C2156700200B97DAA /* icons8-menu.png */; };
		7885FC802156700300B97DAA /* bgSky@2x.jpg in Resources */ = {isa = PBXBuildFile; fileRef = 7885FC6D2156700200B97DAA /* bgSky@2x.jpg */; };
		7885FC812156700300B97DAA /* header@2x.jpg in Resources */ = {isa = PBXBuildFile; fileRef = 7885FC6E2156700200B97DAA /* header@2x.jpg */; };
		7885FC822156700300B97DAA /* arrow_up.png in Resources */ = {isa = PBXBuildFile; fileRef = 7885FC702156700200B97DAA /* arrow_up.png */; };
		7885FC832156700300B97DAA /* arrow_balland_red@2x.png in Resources */ = {isa = PBXBuildFile; fileRef = 7885FC712156700200B97DAA /* arrow_balland_red@2x.png */; };
		7885FC842156700300B97DAA /* arrow_L_blue.png in Resources */ = {isa = PBXBuildFile; fileRef = 7885FC722156700200B97DAA /* arrow_L_blue.png */; };
		7885FC852156700300B97DAA /* arrow_R_gray@2x.png in Resources */ = {isa = PBXBuildFile; fileRef = 7885FC732156700200B97DAA /* arrow_R_gray@2x.png */; };
		7885FC862156700300B97DAA /* arrow_R_blue.png in Resources */ = {isa = PBXBuildFile; fileRef = 7885FC742156700200B97DAA /* arrow_R_blue.png */; };
		7885FC872156700300B97DAA /* arrow_L_white@2x.png in Resources */ = {isa = PBXBuildFile; fileRef = 7885FC752156700200B97DAA /* arrow_L_white@2x.png */; };
		7885FC882156700300B97DAA /* arrow_back_red@2x.png in Resources */ = {isa = PBXBuildFile; fileRef = 7885FC762156700200B97DAA /* arrow_back_red@2x.png */; };
		7885FC892156700300B97DAA /* arrow_R_white@2x.png in Resources */ = {isa = PBXBuildFile; fileRef = 7885FC772156700200B97DAA /* arrow_R_white@2x.png */; };
		7885FC8A2156700300B97DAA /* arrow_down.png in Resources */ = {isa = PBXBuildFile; fileRef = 7885FC782156700200B97DAA /* arrow_down.png */; };
		7885FC8B2156700300B97DAA /* bgCar@2x.jpg in Resources */ = {isa = PBXBuildFile; fileRef = 7885FC792156700200B97DAA /* bgCar@2x.jpg */; };
		7885FC8C2156700300B97DAA /* icons8-calendar.png in Resources */ = {isa = PBXBuildFile; fileRef = 7885FC7A2156700200B97DAA /* icons8-calendar.png */; };
		7885FC8D2156700300B97DAA /* icons8-folder.png in Resources */ = {isa = PBXBuildFile; fileRef = 7885FC7B2156700200B97DAA /* icons8-folder.png */; };
		7885FC8E2156700300B97DAA /* icons8-home.png in Resources */ = {isa = PBXBuildFile; fileRef = 7885FC7C2156700300B97DAA /* icons8-home.png */; };
		7885FC8F2156700300B97DAA /* icons8-settings.png in Resources */ = {isa = PBXBuildFile; fileRef = 7885FC7D2156700300B97DAA /* icons8-settings.png */; };
		78C3AFDD1EA93C110085E102 /* checkedYES@2x.png in Resources */ = {isa = PBXBuildFile; fileRef = 78C3AFDC1EA93C110085E102 /* checkedYES@2x.png */; };
		78D8BD211F5B24A600E9450C /* CJRadioModule.m in Sources */ = {isa = PBXBuildFile; fileRef = 78D8BD201F5B24A600E9450C /* CJRadioModule.m */; };
		78D8BD251F5B357B00E9450C /* CustomButtonViewController.m in Sources */ = {isa = PBXBuildFile; fileRef = 78D8BD231F5B357B00E9450C /* CustomButtonViewController.m */; };
		78D8BD261F5B357B00E9450C /* CustomButtonViewController.xib in Resources */ = {isa = PBXBuildFile; fileRef = 78D8BD241F5B357B00E9450C /* CustomButtonViewController.xib */; };
		80E7E6DC20AD2262000F762D /* DemoSliderRadioButtonsDataSource.m in Sources */ = {isa = PBXBuildFile; fileRef = 80E7E6D820AD2261000F762D /* DemoSliderRadioButtonsDataSource.m */; };
		80E7E6DD20AD2262000F762D /* DemoPopupRadioButtons.m in Sources */ = {isa = PBXBuildFile; fileRef = 80E7E6DA20AD2262000F762D /* DemoPopupRadioButtons.m */; };
		A02606E0F37236F70F9E2630 /* libPods-CJRadioDemo.a in Frameworks */ = {isa = PBXBuildFile; fileRef = 255CD2B95A231AE9BD64B42C /* libPods-CJRadioDemo.a */; };
/* End PBXBuildFile section */

/* Begin PBXContainerItemProxy section */
		785B22431E3A21D800D0A085 /* PBXContainerItemProxy */ = {
			isa = PBXContainerItemProxy;
			containerPortal = 785B22211E3A21D800D0A085 /* Project object */;
			proxyType = 1;
			remoteGlobalIDString = 785B22281E3A21D800D0A085;
			remoteInfo = CJRadioDemo;
		};
		785B224E1E3A21D800D0A085 /* PBXContainerItemProxy */ = {
			isa = PBXContainerItemProxy;
			containerPortal = 785B22211E3A21D800D0A085 /* Project object */;
			proxyType = 1;
			remoteGlobalIDString = 785B22281E3A21D800D0A085;
			remoteInfo = CJRadioDemo;
		};
/* End PBXContainerItemProxy section */

/* Begin PBXFileReference section */
		0F770CD48874255F58B95817 /* Pods-CJRadioDemo.release.xcconfig */ = {isa = PBXFileReference; includeInIndex = 1; lastKnownFileType = text.xcconfig; name = "Pods-CJRadioDemo.release.xcconfig"; path = "Pods/Target Support Files/Pods-CJRadioDemo/Pods-CJRadioDemo.release.xcconfig"; sourceTree = "<group>"; };
		255CD2B95A231AE9BD64B42C /* libPods-CJRadioDemo.a */ = {isa = PBXFileReference; explicitFileType = archive.ar; includeInIndex = 0; path = "libPods-CJRadioDemo.a"; sourceTree = BUILT_PRODUCTS_DIR; };
		784B62C11EB8323900BE5BEF /* CJButton.h */ = {isa = PBXFileReference; fileEncoding = 4; lastKnownFileType = sourcecode.c.h; path = CJButton.h; sourceTree = "<group>"; };
		784B62C21EB8323900BE5BEF /* CJButton.m */ = {isa = PBXFileReference; fileEncoding = 4; lastKnownFileType = sourcecode.c.objc; path = CJButton.m; sourceTree = "<group>"; };
		784B62C31EB8323900BE5BEF /* MyButton.h */ = {isa = PBXFileReference; fileEncoding = 4; lastKnownFileType = sourcecode.c.h; path = MyButton.h; sourceTree = "<group>"; };
		784B62C41EB8323900BE5BEF /* MyButton.m */ = {isa = PBXFileReference; fileEncoding = 4; lastKnownFileType = sourcecode.c.objc; path = MyButton.m; sourceTree = "<group>"; };
		784B62C51EB8323900BE5BEF /* CJRadioButtons.h */ = {isa = PBXFileReference; fileEncoding = 4; lastKnownFileType = sourcecode.c.h; path = CJRadioButtons.h; sourceTree = "<group>"; };
		784B62C61EB8323900BE5BEF /* CJRadioButtons.m */ = {isa = PBXFileReference; fileEncoding = 4; lastKnownFileType = sourcecode.c.objc; path = CJRadioButtons.m; sourceTree = "<group>"; };
		784B62CD1EB8323900BE5BEF /* arrowDown_dark.png */ = {isa = PBXFileReference; lastKnownFileType = image.png; path = arrowDown_dark.png; sourceTree = "<group>"; };
		784B62CE1EB8323900BE5BEF /* arrowLeft_gray@2x.png */ = {isa = PBXFileReference; lastKnownFileType = image.png; path = "arrowLeft_gray@2x.png"; sourceTree = "<group>"; };
		784B62CF1EB8323900BE5BEF /* arrowLeft_red@2x.png */ = {isa = PBXFileReference; lastKnownFileType = image.png; path = "arrowLeft_red@2x.png"; sourceTree = "<group>"; };
		784B62D01EB8323900BE5BEF /* arrowRight_gray@2x.png */ = {isa = PBXFileReference; lastKnownFileType = image.png; path = "arrowRight_gray@2x.png"; sourceTree = "<group>"; };
		784B62D11EB8323900BE5BEF /* arrowRight_red@2x.png */ = {isa = PBXFileReference; lastKnownFileType = image.png; path = "arrowRight_red@2x.png"; sourceTree = "<group>"; };
		784B62D21EB8323900BE5BEF /* arrowUp_white@2x.png */ = {isa = PBXFileReference; lastKnownFileType = image.png; path = "arrowUp_white@2x.png"; sourceTree = "<group>"; };
		784B62DF1EB8326100BE5BEF /* CJCycleComposeView.h */ = {isa = PBXFileReference; fileEncoding = 4; lastKnownFileType = sourcecode.c.h; path = CJCycleComposeView.h; sourceTree = "<group>"; };
		784B62E01EB8326100BE5BEF /* CJCycleComposeView.m */ = {isa = PBXFileReference; fileEncoding = 4; lastKnownFileType = sourcecode.c.objc; path = CJCycleComposeView.m; sourceTree = "<group>"; };
		784B62E11EB8326100BE5BEF /* UIScrollView+CJAddContentView.h */ = {isa = PBXFileReference; fileEncoding = 4; lastKnownFileType = sourcecode.c.h; path = "UIScrollView+CJAddContentView.h"; sourceTree = "<group>"; };
		784B62E21EB8326100BE5BEF /* UIScrollView+CJAddContentView.m */ = {isa = PBXFileReference; fileEncoding = 4; lastKnownFileType = sourcecode.c.objc; path = "UIScrollView+CJAddContentView.m"; sourceTree = "<group>"; };
		784B62E61EB8351600BE5BEF /* CJRadioButtonCycleComposeView.h */ = {isa = PBXFileReference; fileEncoding = 4; lastKnownFileType = sourcecode.c.h; path = CJRadioButtonCycleComposeView.h; sourceTree = "<group>"; };
		784B62E71EB8351600BE5BEF /* CJRadioButtonCycleComposeView.m */ = {isa = PBXFileReference; fileEncoding = 4; lastKnownFileType = sourcecode.c.objc; path = CJRadioButtonCycleComposeView.m; sourceTree = "<group>"; };
		785B22291E3A21D800D0A085 /* CJRadioDemo.app */ = {isa = PBXFileReference; explicitFileType = wrapper.application; includeInIndex = 0; path = CJRadioDemo.app; sourceTree = BUILT_PRODUCTS_DIR; };
		785B222D1E3A21D800D0A085 /* main.m */ = {isa = PBXFileReference; lastKnownFileType = sourcecode.c.objc; path = main.m; sourceTree = "<group>"; };
		785B222F1E3A21D800D0A085 /* AppDelegate.h */ = {isa = PBXFileReference; lastKnownFileType = sourcecode.c.h; path = AppDelegate.h; sourceTree = "<group>"; };
		785B22301E3A21D800D0A085 /* AppDelegate.m */ = {isa = PBXFileReference; lastKnownFileType = sourcecode.c.objc; path = AppDelegate.m; sourceTree = "<group>"; };
		785B22321E3A21D800D0A085 /* ViewController.h */ = {isa = PBXFileReference; lastKnownFileType = sourcecode.c.h; path = ViewController.h; sourceTree = "<group>"; };
		785B22331E3A21D800D0A085 /* ViewController.m */ = {isa = PBXFileReference; lastKnownFileType = sourcecode.c.objc; path = ViewController.m; sourceTree = "<group>"; };
		785B22361E3A21D800D0A085 /* Base */ = {isa = PBXFileReference; lastKnownFileType = file.storyboard; name = Base; path = Base.lproj/Main.storyboard; sourceTree = "<group>"; };
		785B22381E3A21D800D0A085 /* Assets.xcassets */ = {isa = PBXFileReference; lastKnownFileType = folder.assetcatalog; path = Assets.xcassets; sourceTree = "<group>"; };
		785B223B1E3A21D800D0A085 /* Base */ = {isa = PBXFileReference; lastKnownFileType = file.storyboard; name = Base; path = Base.lproj/LaunchScreen.storyboard; sourceTree = "<group>"; };
		785B223D1E3A21D800D0A085 /* Info.plist */ = {isa = PBXFileReference; lastKnownFileType = text.plist.xml; path = Info.plist; sourceTree = "<group>"; };
		785B22421E3A21D800D0A085 /* CJRadioDemoTests.xctest */ = {isa = PBXFileReference; explicitFileType = wrapper.cfbundle; includeInIndex = 0; path = CJRadioDemoTests.xctest; sourceTree = BUILT_PRODUCTS_DIR; };
		785B22461E3A21D800D0A085 /* CJRadioDemoTests.m */ = {isa = PBXFileReference; lastKnownFileType = sourcecode.c.objc; path = CJRadioDemoTests.m; sourceTree = "<group>"; };
		785B22481E3A21D800D0A085 /* Info.plist */ = {isa = PBXFileReference; lastKnownFileType = text.plist.xml; path = Info.plist; sourceTree = "<group>"; };
		785B224D1E3A21D800D0A085 /* CJRadioDemoUITests.xctest */ = {isa = PBXFileReference; explicitFileType = wrapper.cfbundle; includeInIndex = 0; path = CJRadioDemoUITests.xctest; sourceTree = BUILT_PRODUCTS_DIR; };
		785B22511E3A21D800D0A085 /* CJRadioDemoUITests.m */ = {isa = PBXFileReference; lastKnownFileType = sourcecode.c.objc; path = CJRadioDemoUITests.m; sourceTree = "<group>"; };
		785B22531E3A21D800D0A085 /* Info.plist */ = {isa = PBXFileReference; lastKnownFileType = text.plist.xml; path = Info.plist; sourceTree = "<group>"; };
		785B22621E3A222800D0A085 /* CJRadio.h */ = {isa = PBXFileReference; fileEncoding = 4; lastKnownFileType = sourcecode.c.h; path = CJRadio.h; sourceTree = "<group>"; };
		785B229D1E3A293C00D0A085 /* Home1.h */ = {isa = PBXFileReference; fileEncoding = 4; lastKnownFileType = sourcecode.c.h; path = Home1.h; sourceTree = "<group>"; };
		785B229E1E3A293C00D0A085 /* Home1.m */ = {isa = PBXFileReference; fileEncoding = 4; lastKnownFileType = sourcecode.c.objc; path = Home1.m; sourceTree = "<group>"; };
		785B22A01E3A293C00D0A085 /* TestDataUtil.h */ = {isa = PBXFileReference; fileEncoding = 4; lastKnownFileType = sourcecode.c.h; path = TestDataUtil.h; sourceTree = "<group>"; };
		785B22A11E3A293C00D0A085 /* TestDataUtil.m */ = {isa = PBXFileReference; fileEncoding = 4; lastKnownFileType = sourcecode.c.objc; path = TestDataUtil.m; sourceTree = "<group>"; };
		785B22A81E3A454500D0A085 /* SliderViewController.h */ = {isa = PBXFileReference; fileEncoding = 4; lastKnownFileType = sourcecode.c.h; path = SliderViewController.h; sourceTree = "<group>"; };
		785B22A91E3A454500D0A085 /* SliderViewController.m */ = {isa = PBXFileReference; fileEncoding = 4; lastKnownFileType = sourcecode.c.objc; path = SliderViewController.m; sourceTree = "<group>"; };
		785B22AA1E3A454500D0A085 /* SliderViewController.xib */ = {isa = PBXFileReference; fileEncoding = 4; lastKnownFileType = file.xib; path = SliderViewController.xib; sourceTree = "<group>"; };
		785B22AB1E3A454500D0A085 /* RadioButtonCycleComposeViewController.h */ = {isa = PBXFileReference; fileEncoding = 4; lastKnownFileType = sourcecode.c.h; path = RadioButtonCycleComposeViewController.h; sourceTree = "<group>"; };
		785B22AC1E3A454500D0A085 /* RadioButtonCycleComposeViewController.m */ = {isa = PBXFileReference; fileEncoding = 4; lastKnownFileType = sourcecode.c.objc; path = RadioButtonCycleComposeViewController.m; sourceTree = "<group>"; };
		785B22AD1E3A454500D0A085 /* RadioButtonCycleComposeViewController.xib */ = {isa = PBXFileReference; fileEncoding = 4; lastKnownFileType = file.xib; path = RadioButtonCycleComposeViewController.xib; sourceTree = "<group>"; };
		785B22AE1E3A454600D0A085 /* SystemComposeViewController.h */ = {isa = PBXFileReference; fileEncoding = 4; lastKnownFileType = sourcecode.c.h; path = SystemComposeViewController.h; sourceTree = "<group>"; };
		785B22AF1E3A454600D0A085 /* SystemComposeViewController.m */ = {isa = PBXFileReference; fileEncoding = 4; lastKnownFileType = sourcecode.c.objc; path = SystemComposeViewController.m; sourceTree = "<group>"; };
		785B22BA1E3A455D00D0A085 /* addChannel_normal@2x.png */ = {isa = PBXFileReference; lastKnownFileType = image.png; path = "addChannel_normal@2x.png"; sourceTree = "<group>"; };
		785B22BB1E3A455D00D0A085 /* addChannel_selected@2x.png */ = {isa = PBXFileReference; lastKnownFileType = image.png; path = "addChannel_selected@2x.png"; sourceTree = "<group>"; };
		785B22C31E3A570F00D0A085 /* MyRadioButtonsPopupSampleViewController.h */ = {isa = PBXFileReference; fileEncoding = 4; lastKnownFileType = sourcecode.c.h; path = MyRadioButtonsPopupSampleViewController.h; sourceTree = "<group>"; };
		785B22C41E3A570F00D0A085 /* MyRadioButtonsPopupSampleViewController.m */ = {isa = PBXFileReference; fileEncoding = 4; lastKnownFileType = sourcecode.c.objc; path = MyRadioButtonsPopupSampleViewController.m; sourceTree = "<group>"; };
		785B22C51E3A570F00D0A085 /* MyRadioButtonsPopupSampleViewController.xib */ = {isa = PBXFileReference; fileEncoding = 4; lastKnownFileType = file.xib; path = MyRadioButtonsPopupSampleViewController.xib; sourceTree = "<group>"; };
		785B22C61E3A570F00D0A085 /* DemoSliderRadioButtonsDataSourceViewController.h */ = {isa = PBXFileReference; fileEncoding = 4; lastKnownFileType = sourcecode.c.h; path = DemoSliderRadioButtonsDataSourceViewController.h; sourceTree = "<group>"; };
		785B22C71E3A570F00D0A085 /* DemoSliderRadioButtonsDataSourceViewController.m */ = {isa = PBXFileReference; fileEncoding = 4; lastKnownFileType = sourcecode.c.objc; path = DemoSliderRadioButtonsDataSourceViewController.m; sourceTree = "<group>"; };
		785B22C81E3A570F00D0A085 /* DemoSliderRadioButtonsDataSourceViewController.xib */ = {isa = PBXFileReference; fileEncoding = 4; lastKnownFileType = file.xib; path = DemoSliderRadioButtonsDataSourceViewController.xib; sourceTree = "<group>"; };
		785B22CA1E3A570F00D0A085 /* CycleComposeViewController.h */ = {isa = PBXFileReference; fileEncoding = 4; lastKnownFileType = sourcecode.c.h; path = CycleComposeViewController.h; sourceTree = "<group>"; };
		785B22CB1E3A570F00D0A085 /* CycleComposeViewController.m */ = {isa = PBXFileReference; fileEncoding = 4; lastKnownFileType = sourcecode.c.objc; path = CycleComposeViewController.m; sourceTree = "<group>"; };
		785B22CC1E3A570F00D0A085 /* CycleComposeViewController.xib */ = {isa = PBXFileReference; fileEncoding = 4; lastKnownFileType = file.xib; path = CycleComposeViewController.xib; sourceTree = "<group>"; };
		785D80E51F7ABACA00B36390 /* CJEqualSizeRadioButtons.h */ = {isa = PBXFileReference; lastKnownFileType = sourcecode.c.h; path = CJEqualSizeRadioButtons.h; sourceTree = "<group>"; };
		785D80E61F7ABACA00B36390 /* CJEqualSizeRadioButtons.m */ = {isa = PBXFileReference; lastKnownFileType = sourcecode.c.objc; path = CJEqualSizeRadioButtons.m; sourceTree = "<group>"; };
		785D80E81F7ABB2700B36390 /* CJEqualSizeSettingModel.h */ = {isa = PBXFileReference; lastKnownFileType = sourcecode.c.h; path = CJEqualSizeSettingModel.h; sourceTree = "<group>"; };
		785D80E91F7ABB2700B36390 /* CJEqualSizeSettingModel.m */ = {isa = PBXFileReference; lastKnownFileType = sourcecode.c.objc; path = CJEqualSizeSettingModel.m; sourceTree = "<group>"; };
		78720BC7216D9C820020333E /* AChildViewController.h */ = {isa = PBXFileReference; lastKnownFileType = sourcecode.c.h; path = AChildViewController.h; sourceTree = "<group>"; };
		78720BC8216D9C820020333E /* AChildViewController.m */ = {isa = PBXFileReference; lastKnownFileType = sourcecode.c.objc; path = AChildViewController.m; sourceTree = "<group>"; };
		78720BCA216D9C960020333E /* BChildViewController.h */ = {isa = PBXFileReference; lastKnownFileType = sourcecode.c.h; path = BChildViewController.h; sourceTree = "<group>"; };
		78720BCB216D9C960020333E /* BChildViewController.m */ = {isa = PBXFileReference; lastKnownFileType = sourcecode.c.objc; path = BChildViewController.m; sourceTree = "<group>"; };
		78720BCD216D9CA70020333E /* CChildViewController.m */ = {isa = PBXFileReference; lastKnownFileType = sourcecode.c.objc; name = CChildViewController.m; path = /Users/lichaoqian/Project/Luckin/CJRadio/TestData/ChildViewController/CChildViewController.m; sourceTree = "<absolute>"; };
		78720BCE216D9CA80020333E /* CChildViewController.h */ = {isa = PBXFileReference; lastKnownFileType = sourcecode.c.h; name = CChildViewController.h; path = /Users/lichaoqian/Project/Luckin/CJRadio/TestData/ChildViewController/CChildViewController.h; sourceTree = "<absolute>"; };
		78720BD0216D9CC50020333E /* DChildViewController.h */ = {isa = PBXFileReference; lastKnownFileType = sourcecode.c.h; path = DChildViewController.h; sourceTree = "<group>"; };
		78720BD1216D9CC50020333E /* DChildViewController.m */ = {isa = PBXFileReference; lastKnownFileType = sourcecode.c.objc; path = DChildViewController.m; sourceTree = "<group>"; };
		78720BD3216D9CD10020333E /* EChildViewController.h */ = {isa = PBXFileReference; lastKnownFileType = sourcecode.c.h; path = EChildViewController.h; sourceTree = "<group>"; };
		78720BD4216D9CD10020333E /* EChildViewController.m */ = {isa = PBXFileReference; lastKnownFileType = sourcecode.c.objc; path = EChildViewController.m; sourceTree = "<group>"; };
		78720BD6216D9CDD0020333E /* FChildViewController.h */ = {isa = PBXFileReference; lastKnownFileType = sourcecode.c.h; path = FChildViewController.h; sourceTree = "<group>"; };
		78720BD7216D9CDD0020333E /* FChildViewController.m */ = {isa = PBXFileReference; lastKnownFileType = sourcecode.c.objc; path = FChildViewController.m; sourceTree = "<group>"; };
		78720BDA216DC4940020333E /* CycleComposeViewHomeViewController.h */ = {isa = PBXFileReference; fileEncoding = 4; lastKnownFileType = sourcecode.c.h; path = CycleComposeViewHomeViewController.h; sourceTree = "<group>"; };
		78720BDB216DC4940020333E /* CycleComposeViewHomeViewController.m */ = {isa = PBXFileReference; fileEncoding = 4; lastKnownFileType = sourcecode.c.objc; path = CycleComposeViewHomeViewController.m; sourceTree = "<group>"; };
		78720BDE216DCA550020333E /* SliderVCElementFactory.h */ = {isa = PBXFileReference; lastKnownFileType = sourcecode.c.h; path = SliderVCElementFactory.h; sourceTree = "<group>"; };
		78720BDF216DCA550020333E /* SliderVCElementFactory.m */ = {isa = PBXFileReference; lastKnownFileType = sourcecode.c.objc; path = SliderVCElementFactory.m; sourceTree = "<group>"; };
		7885FC5521566C1700B97DAA /* AppDelegate+WindowRootViewController.h */ = {isa = PBXFileReference; fileEncoding = 4; lastKnownFileType = sourcecode.c.h; path = "AppDelegate+WindowRootViewController.h"; sourceTree = "<group>"; };
		7885FC5621566C1700B97DAA /* AppDelegate+WindowRootViewController.m */ = {isa = PBXFileReference; fileEncoding = 4; lastKnownFileType = sourcecode.c.objc; path = "AppDelegate+WindowRootViewController.m"; sourceTree = "<group>"; };
		7885FC5C21566E5500B97DAA /* PopopButtonsHomeViewController.h */ = {isa = PBXFileReference; fileEncoding = 4; lastKnownFileType = sourcecode.c.h; path = PopopButtonsHomeViewController.h; sourceTree = "<group>"; };
		7885FC5D21566E5500B97DAA /* PopopButtonsHomeViewController.m */ = {isa = PBXFileReference; fileEncoding = 4; lastKnownFileType = sourcecode.c.objc; path = PopopButtonsHomeViewController.m; sourceTree = "<group>"; };
		7885FC5F21566E5500B97DAA /* RadioButtonHomeViewController.h */ = {isa = PBXFileReference; fileEncoding = 4; lastKnownFileType = sourcecode.c.h; path = RadioButtonHomeViewController.h; sourceTree = "<group>"; };
		7885FC6021566E5500B97DAA /* RadioButtonHomeViewController.m */ = {isa = PBXFileReference; fileEncoding = 4; lastKnownFileType = sourcecode.c.objc; path = RadioButtonHomeViewController.m; sourceTree = "<group>"; };
		7885FC6221566E5500B97DAA /* SliderVCsHomeViewController.m */ = {isa = PBXFileReference; fileEncoding = 4; lastKnownFileType = sourcecode.c.objc; path = SliderVCsHomeViewController.m; sourceTree = "<group>"; };
		7885FC6321566E5500B97DAA /* SliderVCsHomeViewController.h */ = {isa = PBXFileReference; fileEncoding = 4; lastKnownFileType = sourcecode.c.h; path = SliderVCsHomeViewController.h; sourceTree = "<group>"; };
		7885FC6521566E5500B97DAA /* SliderButtonsHomeViewController.m */ = {isa = PBXFileReference; fileEncoding = 4; lastKnownFileType = sourcecode.c.objc; path = SliderButtonsHomeViewController.m; sourceTree = "<group>"; };
		7885FC6621566E5500B97DAA /* SliderButtonsHomeViewController.h */ = {isa = PBXFileReference; fileEncoding = 4; lastKnownFileType = sourcecode.c.h; path = SliderButtonsHomeViewController.h; sourceTree = "<group>"; };
		7885FC6B2156700200B97DAA /* bg@2x.jpg */ = {isa = PBXFileReference; lastKnownFileType = image.jpeg; path = "bg@2x.jpg"; sourceTree = "<group>"; };
		7885FC6C2156700200B97DAA /* icons8-menu.png */ = {isa = PBXFileReference; lastKnownFileType = image.png; path = "icons8-menu.png"; sourceTree = "<group>"; };
		7885FC6D2156700200B97DAA /* bgSky@2x.jpg */ = {isa = PBXFileReference; lastKnownFileType = image.jpeg; path = "bgSky@2x.jpg"; sourceTree = "<group>"; };
		7885FC6E2156700200B97DAA /* header@2x.jpg */ = {isa = PBXFileReference; lastKnownFileType = image.jpeg; path = "header@2x.jpg"; sourceTree = "<group>"; };
		7885FC702156700200B97DAA /* arrow_up.png */ = {isa = PBXFileReference; lastKnownFileType = image.png; path = arrow_up.png; sourceTree = "<group>"; };
		7885FC712156700200B97DAA /* arrow_balland_red@2x.png */ = {isa = PBXFileReference; lastKnownFileType = image.png; path = "arrow_balland_red@2x.png"; sourceTree = "<group>"; };
		7885FC722156700200B97DAA /* arrow_L_blue.png */ = {isa = PBXFileReference; lastKnownFileType = image.png; path = arrow_L_blue.png; sourceTree = "<group>"; };
		7885FC732156700200B97DAA /* arrow_R_gray@2x.png */ = {isa = PBXFileReference; lastKnownFileType = image.png; path = "arrow_R_gray@2x.png"; sourceTree = "<group>"; };
		7885FC742156700200B97DAA /* arrow_R_blue.png */ = {isa = PBXFileReference; lastKnownFileType = image.png; path = arrow_R_blue.png; sourceTree = "<group>"; };
		7885FC752156700200B97DAA /* arrow_L_white@2x.png */ = {isa = PBXFileReference; lastKnownFileType = image.png; path = "arrow_L_white@2x.png"; sourceTree = "<group>"; };
		7885FC762156700200B97DAA /* arrow_back_red@2x.png */ = {isa = PBXFileReference; lastKnownFileType = image.png; path = "arrow_back_red@2x.png"; sourceTree = "<group>"; };
		7885FC772156700200B97DAA /* arrow_R_white@2x.png */ = {isa = PBXFileReference; lastKnownFileType = image.png; path = "arrow_R_white@2x.png"; sourceTree = "<group>"; };
		7885FC782156700200B97DAA /* arrow_down.png */ = {isa = PBXFileReference; lastKnownFileType = image.png; path = arrow_down.png; sourceTree = "<group>"; };
		7885FC792156700200B97DAA /* bgCar@2x.jpg */ = {isa = PBXFileReference; lastKnownFileType = image.jpeg; path = "bgCar@2x.jpg"; sourceTree = "<group>"; };
		7885FC7A2156700200B97DAA /* icons8-calendar.png */ = {isa = PBXFileReference; lastKnownFileType = image.png; path = "icons8-calendar.png"; sourceTree = "<group>"; };
		7885FC7B2156700200B97DAA /* icons8-folder.png */ = {isa = PBXFileReference; lastKnownFileType = image.png; path = "icons8-folder.png"; sourceTree = "<group>"; };
		7885FC7C2156700300B97DAA /* icons8-home.png */ = {isa = PBXFileReference; lastKnownFileType = image.png; path = "icons8-home.png"; sourceTree = "<group>"; };
		7885FC7D2156700300B97DAA /* icons8-settings.png */ = {isa = PBXFileReference; lastKnownFileType = image.png; path = "icons8-settings.png"; sourceTree = "<group>"; };
		78C3AFDC1EA93C110085E102 /* checkedYES@2x.png */ = {isa = PBXFileReference; lastKnownFileType = image.png; path = "checkedYES@2x.png"; sourceTree = "<group>"; };
		78D8BD1F1F5B24A600E9450C /* CJRadioModule.h */ = {isa = PBXFileReference; fileEncoding = 4; lastKnownFileType = sourcecode.c.h; path = CJRadioModule.h; sourceTree = "<group>"; };
		78D8BD201F5B24A600E9450C /* CJRadioModule.m */ = {isa = PBXFileReference; fileEncoding = 4; lastKnownFileType = sourcecode.c.objc; path = CJRadioModule.m; sourceTree = "<group>"; };
		78D8BD221F5B357A00E9450C /* CustomButtonViewController.h */ = {isa = PBXFileReference; fileEncoding = 4; lastKnownFileType = sourcecode.c.h; path = CustomButtonViewController.h; sourceTree = "<group>"; };
		78D8BD231F5B357B00E9450C /* CustomButtonViewController.m */ = {isa = PBXFileReference; fileEncoding = 4; lastKnownFileType = sourcecode.c.objc; path = CustomButtonViewController.m; sourceTree = "<group>"; };
		78D8BD241F5B357B00E9450C /* CustomButtonViewController.xib */ = {isa = PBXFileReference; fileEncoding = 4; lastKnownFileType = file.xib; path = CustomButtonViewController.xib; sourceTree = "<group>"; };
		80E7E6D720AD2261000F762D /* DemoSliderRadioButtonsDataSource.h */ = {isa = PBXFileReference; fileEncoding = 4; lastKnownFileType = sourcecode.c.h; path = DemoSliderRadioButtonsDataSource.h; sourceTree = "<group>"; };
		80E7E6D820AD2261000F762D /* DemoSliderRadioButtonsDataSource.m */ = {isa = PBXFileReference; fileEncoding = 4; lastKnownFileType = sourcecode.c.objc; path = DemoSliderRadioButtonsDataSource.m; sourceTree = "<group>"; };
		80E7E6DA20AD2262000F762D /* DemoPopupRadioButtons.m */ = {isa = PBXFileReference; fileEncoding = 4; lastKnownFileType = sourcecode.c.objc; path = DemoPopupRadioButtons.m; sourceTree = "<group>"; };
		80E7E6DB20AD2262000F762D /* DemoPopupRadioButtons.h */ = {isa = PBXFileReference; fileEncoding = 4; lastKnownFileType = sourcecode.c.h; path = DemoPopupRadioButtons.h; sourceTree = "<group>"; };
		CB9A64240C17C26FA856DCB1 /* Pods-CJRadioDemo.debug.xcconfig */ = {isa = PBXFileReference; includeInIndex = 1; lastKnownFileType = text.xcconfig; name = "Pods-CJRadioDemo.debug.xcconfig"; path = "Pods/Target Support Files/Pods-CJRadioDemo/Pods-CJRadioDemo.debug.xcconfig"; sourceTree = "<group>"; };
		E011F1BFC43D616200892E69 /* Pods-CJRadioDemoTests.release.xcconfig */ = {isa = PBXFileReference; includeInIndex = 1; lastKnownFileType = text.xcconfig; name = "Pods-CJRadioDemoTests.release.xcconfig"; path = "Pods/Target Support Files/Pods-CJRadioDemoTests/Pods-CJRadioDemoTests.release.xcconfig"; sourceTree = "<group>"; };
		EAF8BB37787142A3942C3BEE /* libPods-CJRadioDemoTests.a */ = {isa = PBXFileReference; explicitFileType = archive.ar; includeInIndex = 0; path = "libPods-CJRadioDemoTests.a"; sourceTree = BUILT_PRODUCTS_DIR; };
		EC12B7A4A5A381DB2F018FCB /* Pods-CJRadioDemoTests.debug.xcconfig */ = {isa = PBXFileReference; includeInIndex = 1; lastKnownFileType = text.xcconfig; name = "Pods-CJRadioDemoTests.debug.xcconfig"; path = "Pods/Target Support Files/Pods-CJRadioDemoTests/Pods-CJRadioDemoTests.debug.xcconfig"; sourceTree = "<group>"; };
/* End PBXFileReference section */

/* Begin PBXFrameworksBuildPhase section */
		785B22261E3A21D800D0A085 /* Frameworks */ = {
			isa = PBXFrameworksBuildPhase;
			buildActionMask = 2147483647;
			files = (
				A02606E0F37236F70F9E2630 /* libPods-CJRadioDemo.a in Frameworks */,
			);
			runOnlyForDeploymentPostprocessing = 0;
		};
		785B223F1E3A21D800D0A085 /* Frameworks */ = {
			isa = PBXFrameworksBuildPhase;
			buildActionMask = 2147483647;
			files = (
				4E32B23A1DB2776F076784B9 /* libPods-CJRadioDemoTests.a in Frameworks */,
			);
			runOnlyForDeploymentPostprocessing = 0;
		};
		785B224A1E3A21D800D0A085 /* Frameworks */ = {
			isa = PBXFrameworksBuildPhase;
			buildActionMask = 2147483647;
			files = (
			);
			runOnlyForDeploymentPostprocessing = 0;
		};
/* End PBXFrameworksBuildPhase section */

/* Begin PBXGroup section */
		784B62BF1EB8323900BE5BEF /* CJRadioButtons */ = {
			isa = PBXGroup;
			children = (
				784B62C01EB8323900BE5BEF /* CJButton */,
				784B62C51EB8323900BE5BEF /* CJRadioButtons.h */,
				784B62C61EB8323900BE5BEF /* CJRadioButtons.m */,
				785D80E51F7ABACA00B36390 /* CJEqualSizeRadioButtons.h */,
				785D80E61F7ABACA00B36390 /* CJEqualSizeRadioButtons.m */,
				785D80E81F7ABB2700B36390 /* CJEqualSizeSettingModel.h */,
				785D80E91F7ABB2700B36390 /* CJEqualSizeSettingModel.m */,
				784B62CC1EB8323900BE5BEF /* Resources */,
			);
			path = CJRadioButtons;
			sourceTree = "<group>";
		};
		784B62C01EB8323900BE5BEF /* CJButton */ = {
			isa = PBXGroup;
			children = (
				784B62C11EB8323900BE5BEF /* CJButton.h */,
				784B62C21EB8323900BE5BEF /* CJButton.m */,
				784B62C31EB8323900BE5BEF /* MyButton.h */,
				784B62C41EB8323900BE5BEF /* MyButton.m */,
			);
			path = CJButton;
			sourceTree = "<group>";
		};
		784B62CC1EB8323900BE5BEF /* Resources */ = {
			isa = PBXGroup;
			children = (
				784B62CD1EB8323900BE5BEF /* arrowDown_dark.png */,
				784B62CE1EB8323900BE5BEF /* arrowLeft_gray@2x.png */,
				784B62CF1EB8323900BE5BEF /* arrowLeft_red@2x.png */,
				784B62D01EB8323900BE5BEF /* arrowRight_gray@2x.png */,
				784B62D11EB8323900BE5BEF /* arrowRight_red@2x.png */,
				784B62D21EB8323900BE5BEF /* arrowUp_white@2x.png */,
			);
			path = Resources;
			sourceTree = "<group>";
		};
		784B62DE1EB8326100BE5BEF /* CJCycleComposeView */ = {
			isa = PBXGroup;
			children = (
				784B62DF1EB8326100BE5BEF /* CJCycleComposeView.h */,
				784B62E01EB8326100BE5BEF /* CJCycleComposeView.m */,
				784B62E11EB8326100BE5BEF /* UIScrollView+CJAddContentView.h */,
				784B62E21EB8326100BE5BEF /* UIScrollView+CJAddContentView.m */,
			);
			path = CJCycleComposeView;
			sourceTree = "<group>";
		};
		784B62E51EB8351600BE5BEF /* CJRadioButtonCycleComposeView */ = {
			isa = PBXGroup;
			children = (
				784B62E61EB8351600BE5BEF /* CJRadioButtonCycleComposeView.h */,
				784B62E71EB8351600BE5BEF /* CJRadioButtonCycleComposeView.m */,
				78D8BD1F1F5B24A600E9450C /* CJRadioModule.h */,
				78D8BD201F5B24A600E9450C /* CJRadioModule.m */,
			);
			path = CJRadioButtonCycleComposeView;
			sourceTree = "<group>";
		};
		785B22201E3A21D800D0A085 = {
			isa = PBXGroup;
			children = (
				785B222B1E3A21D800D0A085 /* CJRadioDemo */,
				785B22451E3A21D800D0A085 /* CJRadioDemoTests */,
				785B22501E3A21D800D0A085 /* CJRadioDemoUITests */,
				785B222A1E3A21D800D0A085 /* Products */,
				FECC3F568B9604C3984B14F6 /* Pods */,
				8370C9A85C73FB69C0F2D8C5 /* Frameworks */,
			);
			sourceTree = "<group>";
		};
		785B222A1E3A21D800D0A085 /* Products */ = {
			isa = PBXGroup;
			children = (
				785B22291E3A21D800D0A085 /* CJRadioDemo.app */,
				785B22421E3A21D800D0A085 /* CJRadioDemoTests.xctest */,
				785B224D1E3A21D800D0A085 /* CJRadioDemoUITests.xctest */,
			);
			name = Products;
			sourceTree = "<group>";
		};
		785B222B1E3A21D800D0A085 /* CJRadioDemo */ = {
			isa = PBXGroup;
			children = (
				785B225F1E3A222800D0A085 /* CJRadio */,
				785B229C1E3A293C00D0A085 /* TestData */,
				785B222F1E3A21D800D0A085 /* AppDelegate.h */,
				785B22301E3A21D800D0A085 /* AppDelegate.m */,
				7885FC5521566C1700B97DAA /* AppDelegate+WindowRootViewController.h */,
				7885FC5621566C1700B97DAA /* AppDelegate+WindowRootViewController.m */,
				7885FC4B21566C1600B97DAA /* Demos */,
				785B22321E3A21D800D0A085 /* ViewController.h */,
				785B22331E3A21D800D0A085 /* ViewController.m */,
				785B22B81E3A455D00D0A085 /* Resources */,
				785B22351E3A21D800D0A085 /* Main.storyboard */,
				785B22381E3A21D800D0A085 /* Assets.xcassets */,
				785B223A1E3A21D800D0A085 /* LaunchScreen.storyboard */,
				785B223D1E3A21D800D0A085 /* Info.plist */,
				785B222C1E3A21D800D0A085 /* Supporting Files */,
			);
			path = CJRadioDemo;
			sourceTree = "<group>";
		};
		785B222C1E3A21D800D0A085 /* Supporting Files */ = {
			isa = PBXGroup;
			children = (
				785B222D1E3A21D800D0A085 /* main.m */,
			);
			name = "Supporting Files";
			sourceTree = "<group>";
		};
		785B22451E3A21D800D0A085 /* CJRadioDemoTests */ = {
			isa = PBXGroup;
			children = (
				785B22461E3A21D800D0A085 /* CJRadioDemoTests.m */,
				785B22481E3A21D800D0A085 /* Info.plist */,
			);
			path = CJRadioDemoTests;
			sourceTree = "<group>";
		};
		785B22501E3A21D800D0A085 /* CJRadioDemoUITests */ = {
			isa = PBXGroup;
			children = (
				785B22511E3A21D800D0A085 /* CJRadioDemoUITests.m */,
				785B22531E3A21D800D0A085 /* Info.plist */,
			);
			path = CJRadioDemoUITests;
			sourceTree = "<group>";
		};
		785B225F1E3A222800D0A085 /* CJRadio */ = {
			isa = PBXGroup;
			children = (
				785B22621E3A222800D0A085 /* CJRadio.h */,
				784B62E51EB8351600BE5BEF /* CJRadioButtonCycleComposeView */,
				784B62DE1EB8326100BE5BEF /* CJCycleComposeView */,
				784B62BF1EB8323900BE5BEF /* CJRadioButtons */,
			);
			name = CJRadio;
			path = ../../CJRadio;
			sourceTree = "<group>";
		};
		785B229C1E3A293C00D0A085 /* TestData */ = {
			isa = PBXGroup;
			children = (
				78720BC6216D9B7F0020333E /* ChildViewController */,
				785B22A01E3A293C00D0A085 /* TestDataUtil.h */,
				785B22A11E3A293C00D0A085 /* TestDataUtil.m */,
			);
			name = TestData;
			path = ../../TestData;
			sourceTree = "<group>";
		};
		785B22B81E3A455D00D0A085 /* Resources */ = {
			isa = PBXGroup;
			children = (
				7885FC6B2156700200B97DAA /* bg@2x.jpg */,
				7885FC792156700200B97DAA /* bgCar@2x.jpg */,
				7885FC6D2156700200B97DAA /* bgSky@2x.jpg */,
				7885FC6E2156700200B97DAA /* header@2x.jpg */,
				7885FC7A2156700200B97DAA /* icons8-calendar.png */,
				7885FC7B2156700200B97DAA /* icons8-folder.png */,
				7885FC7C2156700300B97DAA /* icons8-home.png */,
				7885FC6C2156700200B97DAA /* icons8-menu.png */,
				7885FC7D2156700300B97DAA /* icons8-settings.png */,
				7885FC6F2156700200B97DAA /* arrow */,
				785B22B91E3A455D00D0A085 /* images */,
			);
			path = Resources;
			sourceTree = "<group>";
		};
		785B22B91E3A455D00D0A085 /* images */ = {
			isa = PBXGroup;
			children = (
				78C3AFDC1EA93C110085E102 /* checkedYES@2x.png */,
				785B22BA1E3A455D00D0A085 /* addChannel_normal@2x.png */,
				785B22BB1E3A455D00D0A085 /* addChannel_selected@2x.png */,
			);
			path = images;
			sourceTree = "<group>";
		};
		78720BC6216D9B7F0020333E /* ChildViewController */ = {
			isa = PBXGroup;
			children = (
				785B229D1E3A293C00D0A085 /* Home1.h */,
				785B229E1E3A293C00D0A085 /* Home1.m */,
				78720BC7216D9C820020333E /* AChildViewController.h */,
				78720BC8216D9C820020333E /* AChildViewController.m */,
				78720BCA216D9C960020333E /* BChildViewController.h */,
				78720BCB216D9C960020333E /* BChildViewController.m */,
				78720BCE216D9CA80020333E /* CChildViewController.h */,
				78720BCD216D9CA70020333E /* CChildViewController.m */,
				78720BD0216D9CC50020333E /* DChildViewController.h */,
				78720BD1216D9CC50020333E /* DChildViewController.m */,
				78720BD3216D9CD10020333E /* EChildViewController.h */,
				78720BD4216D9CD10020333E /* EChildViewController.m */,
				78720BD6216D9CDD0020333E /* FChildViewController.h */,
				78720BD7216D9CDD0020333E /* FChildViewController.m */,
			);
			path = ChildViewController;
			sourceTree = "<group>";
		};
		78720BD9216DC47A0020333E /* DemoCycleComposeView */ = {
			isa = PBXGroup;
			children = (
				78720BDA216DC4940020333E /* CycleComposeViewHomeViewController.h */,
				78720BDB216DC4940020333E /* CycleComposeViewHomeViewController.m */,
				785B22CA1E3A570F00D0A085 /* CycleComposeViewController.h */,
				785B22CB1E3A570F00D0A085 /* CycleComposeViewController.m */,
				785B22CC1E3A570F00D0A085 /* CycleComposeViewController.xib */,
			);
			path = DemoCycleComposeView;
			sourceTree = "<group>";
		};
		78720BDD216DCA280020333E /* Views */ = {
			isa = PBXGroup;
			children = (
				78720BDE216DCA550020333E /* SliderVCElementFactory.h */,
				78720BDF216DCA550020333E /* SliderVCElementFactory.m */,
			);
			path = Views;
			sourceTree = "<group>";
		};
		7885FC4B21566C1600B97DAA /* Demos */ = {
			isa = PBXGroup;
			children = (
				78720BD9216DC47A0020333E /* DemoCycleComposeView */,
				7885FC5B21566E5500B97DAA /* DemosPopopButtons */,
				7885FC5E21566E5500B97DAA /* DemosRadioButton */,
				7885FC6421566E5500B97DAA /* DemosSliderButtons */,
				7885FC6121566E5500B97DAA /* DemosSliderVCs */,
			);
			path = Demos;
			sourceTree = "<group>";
		};
		7885FC5B21566E5500B97DAA /* DemosPopopButtons */ = {
			isa = PBXGroup;
			children = (
				7885FC5C21566E5500B97DAA /* PopopButtonsHomeViewController.h */,
				7885FC5D21566E5500B97DAA /* PopopButtonsHomeViewController.m */,
				80E7E6D920AD2262000F762D /* Views */,
				785B22C31E3A570F00D0A085 /* MyRadioButtonsPopupSampleViewController.h */,
				785B22C41E3A570F00D0A085 /* MyRadioButtonsPopupSampleViewController.m */,
				785B22C51E3A570F00D0A085 /* MyRadioButtonsPopupSampleViewController.xib */,
			);
			path = DemosPopopButtons;
			sourceTree = "<group>";
		};
		7885FC5E21566E5500B97DAA /* DemosRadioButton */ = {
			isa = PBXGroup;
			children = (
				7885FC5F21566E5500B97DAA /* RadioButtonHomeViewController.h */,
				7885FC6021566E5500B97DAA /* RadioButtonHomeViewController.m */,
				78D8BD221F5B357A00E9450C /* CustomButtonViewController.h */,
				78D8BD231F5B357B00E9450C /* CustomButtonViewController.m */,
				78D8BD241F5B357B00E9450C /* CustomButtonViewController.xib */,
			);
			path = DemosRadioButton;
			sourceTree = "<group>";
		};
		7885FC6121566E5500B97DAA /* DemosSliderVCs */ = {
			isa = PBXGroup;
			children = (
				7885FC6321566E5500B97DAA /* SliderVCsHomeViewController.h */,
				7885FC6221566E5500B97DAA /* SliderVCsHomeViewController.m */,
				785B22AB1E3A454500D0A085 /* RadioButtonCycleComposeViewController.h */,
				785B22AC1E3A454500D0A085 /* RadioButtonCycleComposeViewController.m */,
				785B22AD1E3A454500D0A085 /* RadioButtonCycleComposeViewController.xib */,
				785B22AE1E3A454600D0A085 /* SystemComposeViewController.h */,
				785B22AF1E3A454600D0A085 /* SystemComposeViewController.m */,
				78720BDD216DCA280020333E /* Views */,
			);
			path = DemosSliderVCs;
			sourceTree = "<group>";
		};
		7885FC6421566E5500B97DAA /* DemosSliderButtons */ = {
			isa = PBXGroup;
			children = (
				80E7E6D620AD2261000F762D /* DemoSliderRadioButtons */,
				7885FC6621566E5500B97DAA /* SliderButtonsHomeViewController.h */,
				7885FC6521566E5500B97DAA /* SliderButtonsHomeViewController.m */,
				785B22A81E3A454500D0A085 /* SliderViewController.h */,
				785B22A91E3A454500D0A085 /* SliderViewController.m */,
				785B22AA1E3A454500D0A085 /* SliderViewController.xib */,
				785B22C61E3A570F00D0A085 /* DemoSliderRadioButtonsDataSourceViewController.h */,
				785B22C71E3A570F00D0A085 /* DemoSliderRadioButtonsDataSourceViewController.m */,
				785B22C81E3A570F00D0A085 /* DemoSliderRadioButtonsDataSourceViewController.xib */,
			);
			path = DemosSliderButtons;
			sourceTree = "<group>";
		};
		7885FC6F2156700200B97DAA /* arrow */ = {
			isa = PBXGroup;
			children = (
				7885FC702156700200B97DAA /* arrow_up.png */,
				7885FC712156700200B97DAA /* arrow_balland_red@2x.png */,
				7885FC722156700200B97DAA /* arrow_L_blue.png */,
				7885FC732156700200B97DAA /* arrow_R_gray@2x.png */,
				7885FC742156700200B97DAA /* arrow_R_blue.png */,
				7885FC752156700200B97DAA /* arrow_L_white@2x.png */,
				7885FC762156700200B97DAA /* arrow_back_red@2x.png */,
				7885FC772156700200B97DAA /* arrow_R_white@2x.png */,
				7885FC782156700200B97DAA /* arrow_down.png */,
			);
			path = arrow;
			sourceTree = "<group>";
		};
		80E7E6D620AD2261000F762D /* DemoSliderRadioButtons */ = {
			isa = PBXGroup;
			children = (
				80E7E6D720AD2261000F762D /* DemoSliderRadioButtonsDataSource.h */,
				80E7E6D820AD2261000F762D /* DemoSliderRadioButtonsDataSource.m */,
			);
			path = DemoSliderRadioButtons;
			sourceTree = "<group>";
		};
		80E7E6D920AD2262000F762D /* Views */ = {
			isa = PBXGroup;
			children = (
				80E7E6DB20AD2262000F762D /* DemoPopupRadioButtons.h */,
				80E7E6DA20AD2262000F762D /* DemoPopupRadioButtons.m */,
			);
			path = Views;
			sourceTree = "<group>";
		};
		8370C9A85C73FB69C0F2D8C5 /* Frameworks */ = {
			isa = PBXGroup;
			children = (
				255CD2B95A231AE9BD64B42C /* libPods-CJRadioDemo.a */,
				EAF8BB37787142A3942C3BEE /* libPods-CJRadioDemoTests.a */,
			);
			name = Frameworks;
			sourceTree = "<group>";
		};
		FECC3F568B9604C3984B14F6 /* Pods */ = {
			isa = PBXGroup;
			children = (
				CB9A64240C17C26FA856DCB1 /* Pods-CJRadioDemo.debug.xcconfig */,
				0F770CD48874255F58B95817 /* Pods-CJRadioDemo.release.xcconfig */,
				EC12B7A4A5A381DB2F018FCB /* Pods-CJRadioDemoTests.debug.xcconfig */,
				E011F1BFC43D616200892E69 /* Pods-CJRadioDemoTests.release.xcconfig */,
			);
			name = Pods;
			sourceTree = "<group>";
		};
/* End PBXGroup section */

/* Begin PBXNativeTarget section */
		785B22281E3A21D800D0A085 /* CJRadioDemo */ = {
			isa = PBXNativeTarget;
			buildConfigurationList = 785B22561E3A21D800D0A085 /* Build configuration list for PBXNativeTarget "CJRadioDemo" */;
			buildPhases = (
				5693F1CDDE99A0A75F482411 /* [CP] Check Pods Manifest.lock */,
				785B22251E3A21D800D0A085 /* Sources */,
				785B22261E3A21D800D0A085 /* Frameworks */,
				785B22271E3A21D800D0A085 /* Resources */,
			);
			buildRules = (
			);
			dependencies = (
			);
			name = CJRadioDemo;
			productName = CJRadioDemo;
			productReference = 785B22291E3A21D800D0A085 /* CJRadioDemo.app */;
			productType = "com.apple.product-type.application";
		};
		785B22411E3A21D800D0A085 /* CJRadioDemoTests */ = {
			isa = PBXNativeTarget;
			buildConfigurationList = 785B22591E3A21D800D0A085 /* Build configuration list for PBXNativeTarget "CJRadioDemoTests" */;
			buildPhases = (
				DECA9A7AE527279B5F81F105 /* [CP] Check Pods Manifest.lock */,
				785B223E1E3A21D800D0A085 /* Sources */,
				785B223F1E3A21D800D0A085 /* Frameworks */,
				785B22401E3A21D800D0A085 /* Resources */,
			);
			buildRules = (
			);
			dependencies = (
				785B22441E3A21D800D0A085 /* PBXTargetDependency */,
			);
			name = CJRadioDemoTests;
			productName = CJRadioDemoTests;
			productReference = 785B22421E3A21D800D0A085 /* CJRadioDemoTests.xctest */;
			productType = "com.apple.product-type.bundle.unit-test";
		};
		785B224C1E3A21D800D0A085 /* CJRadioDemoUITests */ = {
			isa = PBXNativeTarget;
			buildConfigurationList = 785B225C1E3A21D800D0A085 /* Build configuration list for PBXNativeTarget "CJRadioDemoUITests" */;
			buildPhases = (
				785B22491E3A21D800D0A085 /* Sources */,
				785B224A1E3A21D800D0A085 /* Frameworks */,
				785B224B1E3A21D800D0A085 /* Resources */,
			);
			buildRules = (
			);
			dependencies = (
				785B224F1E3A21D800D0A085 /* PBXTargetDependency */,
			);
			name = CJRadioDemoUITests;
			productName = CJRadioDemoUITests;
			productReference = 785B224D1E3A21D800D0A085 /* CJRadioDemoUITests.xctest */;
			productType = "com.apple.product-type.bundle.ui-testing";
		};
/* End PBXNativeTarget section */

/* Begin PBXProject section */
		785B22211E3A21D800D0A085 /* Project object */ = {
			isa = PBXProject;
			attributes = {
				LastUpgradeCheck = 0940;
				ORGANIZATIONNAME = dvlproad;
				TargetAttributes = {
					785B22281E3A21D800D0A085 = {
						CreatedOnToolsVersion = 8.0;
						DevelopmentTeam = FZ5YDHE5JZ;
						ProvisioningStyle = Automatic;
					};
					785B22411E3A21D800D0A085 = {
						CreatedOnToolsVersion = 8.0;
						ProvisioningStyle = Automatic;
						TestTargetID = 785B22281E3A21D800D0A085;
					};
					785B224C1E3A21D800D0A085 = {
						CreatedOnToolsVersion = 8.0;
						ProvisioningStyle = Automatic;
						TestTargetID = 785B22281E3A21D800D0A085;
					};
				};
			};
			buildConfigurationList = 785B22241E3A21D800D0A085 /* Build configuration list for PBXProject "CJRadioDemo" */;
			compatibilityVersion = "Xcode 3.2";
			developmentRegion = English;
			hasScannedForEncodings = 0;
			knownRegions = (
				en,
				Base,
			);
			mainGroup = 785B22201E3A21D800D0A085;
			productRefGroup = 785B222A1E3A21D800D0A085 /* Products */;
			projectDirPath = "";
			projectRoot = "";
			targets = (
				785B22281E3A21D800D0A085 /* CJRadioDemo */,
				785B22411E3A21D800D0A085 /* CJRadioDemoTests */,
				785B224C1E3A21D800D0A085 /* CJRadioDemoUITests */,
			);
		};
/* End PBXProject section */

/* Begin PBXResourcesBuildPhase section */
		785B22271E3A21D800D0A085 /* Resources */ = {
			isa = PBXResourcesBuildPhase;
			buildActionMask = 2147483647;
			files = (
				7885FC882156700300B97DAA /* arrow_back_red@2x.png in Resources */,
				7885FC8C2156700300B97DAA /* icons8-calendar.png in Resources */,
				784B62DB1EB8323900BE5BEF /* arrowRight_gray@2x.png in Resources */,
				7885FC802156700300B97DAA /* bgSky@2x.jpg in Resources */,
				785B22D21E3A570F00D0A085 /* CycleComposeViewController.xib in Resources */,
				7885FC7F2156700300B97DAA /* icons8-menu.png in Resources */,
				784B62DA1EB8323900BE5BEF /* arrowLeft_red@2x.png in Resources */,
				7885FC862156700300B97DAA /* arrow_R_blue.png in Resources */,
				7885FC7E2156700300B97DAA /* bg@2x.jpg in Resources */,
				7885FC8D2156700300B97DAA /* icons8-folder.png in Resources */,
				7885FC852156700300B97DAA /* arrow_R_gray@2x.png in Resources */,
				784B62DC1EB8323900BE5BEF /* arrowRight_red@2x.png in Resources */,
				7885FC8A2156700300B97DAA /* arrow_down.png in Resources */,
				784B62D91EB8323900BE5BEF /* arrowLeft_gray@2x.png in Resources */,
				78D8BD261F5B357B00E9450C /* CustomButtonViewController.xib in Resources */,
				785B223C1E3A21D800D0A085 /* LaunchScreen.storyboard in Resources */,
				7885FC892156700300B97DAA /* arrow_R_white@2x.png in Resources */,
				785B22BC1E3A455D00D0A085 /* addChannel_normal@2x.png in Resources */,
				7885FC8F2156700300B97DAA /* icons8-settings.png in Resources */,
				785B22BD1E3A455D00D0A085 /* addChannel_selected@2x.png in Resources */,
				785B22B31E3A454600D0A085 /* SliderViewController.xib in Resources */,
				785B22D01E3A570F00D0A085 /* DemoSliderRadioButtonsDataSourceViewController.xib in Resources */,
				7885FC812156700300B97DAA /* header@2x.jpg in Resources */,
				785B22391E3A21D800D0A085 /* Assets.xcassets in Resources */,
				7885FC8B2156700300B97DAA /* bgCar@2x.jpg in Resources */,
				7885FC872156700300B97DAA /* arrow_L_white@2x.png in Resources */,
				785B22371E3A21D800D0A085 /* Main.storyboard in Resources */,
				784B62D81EB8323900BE5BEF /* arrowDown_dark.png in Resources */,
				7885FC842156700300B97DAA /* arrow_L_blue.png in Resources */,
				78C3AFDD1EA93C110085E102 /* checkedYES@2x.png in Resources */,
				7885FC822156700300B97DAA /* arrow_up.png in Resources */,
				785B22CE1E3A570F00D0A085 /* MyRadioButtonsPopupSampleViewController.xib in Resources */,
				7885FC832156700300B97DAA /* arrow_balland_red@2x.png in Resources */,
				7885FC8E2156700300B97DAA /* icons8-home.png in Resources */,
				784B62DD1EB8323900BE5BEF /* arrowUp_white@2x.png in Resources */,
				785B22B51E3A454600D0A085 /* RadioButtonCycleComposeViewController.xib in Resources */,
			);
			runOnlyForDeploymentPostprocessing = 0;
		};
		785B22401E3A21D800D0A085 /* Resources */ = {
			isa = PBXResourcesBuildPhase;
			buildActionMask = 2147483647;
			files = (
			);
			runOnlyForDeploymentPostprocessing = 0;
		};
		785B224B1E3A21D800D0A085 /* Resources */ = {
			isa = PBXResourcesBuildPhase;
			buildActionMask = 2147483647;
			files = (
			);
			runOnlyForDeploymentPostprocessing = 0;
		};
/* End PBXResourcesBuildPhase section */

/* Begin PBXShellScriptBuildPhase section */
		5693F1CDDE99A0A75F482411 /* [CP] Check Pods Manifest.lock */ = {
			isa = PBXShellScriptBuildPhase;
			buildActionMask = 2147483647;
			files = (
			);
			inputPaths = (
				"${PODS_PODFILE_DIR_PATH}/Podfile.lock",
				"${PODS_ROOT}/Manifest.lock",
			);
			name = "[CP] Check Pods Manifest.lock";
			outputPaths = (
				"$(DERIVED_FILE_DIR)/Pods-CJRadioDemo-checkManifestLockResult.txt",
			);
			runOnlyForDeploymentPostprocessing = 0;
			shellPath = /bin/sh;
			shellScript = "diff \"${PODS_PODFILE_DIR_PATH}/Podfile.lock\" \"${PODS_ROOT}/Manifest.lock\" > /dev/null\nif [ $? != 0 ] ; then\n    # print error to STDERR\n    echo \"error: The sandbox is not in sync with the Podfile.lock. Run 'pod install' or update your CocoaPods installation.\" >&2\n    exit 1\nfi\n# This output is used by Xcode 'outputs' to avoid re-running this script phase.\necho \"SUCCESS\" > \"${SCRIPT_OUTPUT_FILE_0}\"\n";
			showEnvVarsInLog = 0;
		};
		DECA9A7AE527279B5F81F105 /* [CP] Check Pods Manifest.lock */ = {
			isa = PBXShellScriptBuildPhase;
			buildActionMask = 2147483647;
			files = (
			);
			inputPaths = (
				"${PODS_PODFILE_DIR_PATH}/Podfile.lock",
				"${PODS_ROOT}/Manifest.lock",
			);
			name = "[CP] Check Pods Manifest.lock";
			outputPaths = (
				"$(DERIVED_FILE_DIR)/Pods-CJRadioDemoTests-checkManifestLockResult.txt",
			);
			runOnlyForDeploymentPostprocessing = 0;
			shellPath = /bin/sh;
			shellScript = "diff \"${PODS_PODFILE_DIR_PATH}/Podfile.lock\" \"${PODS_ROOT}/Manifest.lock\" > /dev/null\nif [ $? != 0 ] ; then\n    # print error to STDERR\n    echo \"error: The sandbox is not in sync with the Podfile.lock. Run 'pod install' or update your CocoaPods installation.\" >&2\n    exit 1\nfi\n# This output is used by Xcode 'outputs' to avoid re-running this script phase.\necho \"SUCCESS\" > \"${SCRIPT_OUTPUT_FILE_0}\"\n";
			showEnvVarsInLog = 0;
		};
/* End PBXShellScriptBuildPhase section */

/* Begin PBXSourcesBuildPhase section */
		785B22251E3A21D800D0A085 /* Sources */ = {
			isa = PBXSourcesBuildPhase;
			buildActionMask = 2147483647;
			files = (
				7885FC6A21566E5500B97DAA /* SliderButtonsHomeViewController.m in Sources */,
				80E7E6DD20AD2262000F762D /* DemoPopupRadioButtons.m in Sources */,
				784B62D41EB8323900BE5BEF /* MyButton.m in Sources */,
				78720BD8216D9CDD0020333E /* FChildViewController.m in Sources */,
				78720BD2216D9CC50020333E /* DChildViewController.m in Sources */,
				785B22A41E3A293C00D0A085 /* TestDataUtil.m in Sources */,
				785B22341E3A21D800D0A085 /* ViewController.m in Sources */,
				785B22B21E3A454600D0A085 /* SliderViewController.m in Sources */,
				78720BE0216DCA550020333E /* SliderVCElementFactory.m in Sources */,
				785B22D11E3A570F00D0A085 /* CycleComposeViewController.m in Sources */,
				784B62E41EB8326100BE5BEF /* UIScrollView+CJAddContentView.m in Sources */,
				785B22311E3A21D800D0A085 /* AppDelegate.m in Sources */,
				78D8BD251F5B357B00E9450C /* CustomButtonViewController.m in Sources */,
				785B22A21E3A293C00D0A085 /* Home1.m in Sources */,
				78720BC9216D9C820020333E /* AChildViewController.m in Sources */,
				785D80EA1F7ABB2700B36390 /* CJEqualSizeSettingModel.m in Sources */,
				80E7E6DC20AD2262000F762D /* DemoSliderRadioButtonsDataSource.m in Sources */,
				78720BCC216D9C960020333E /* BChildViewController.m in Sources */,
				784B62D51EB8323900BE5BEF /* CJRadioButtons.m in Sources */,
				784B62E81EB8351600BE5BEF /* CJRadioButtonCycleComposeView.m in Sources */,
				785B22CD1E3A570F00D0A085 /* MyRadioButtonsPopupSampleViewController.m in Sources */,
				785B22B61E3A454600D0A085 /* SystemComposeViewController.m in Sources */,
				78D8BD211F5B24A600E9450C /* CJRadioModule.m in Sources */,
				7885FC6721566E5500B97DAA /* PopopButtonsHomeViewController.m in Sources */,
				7885FC5A21566C1700B97DAA /* AppDelegate+WindowRootViewController.m in Sources */,
				78720BCF216D9CA80020333E /* CChildViewController.m in Sources */,
				784B62E31EB8326100BE5BEF /* CJCycleComposeView.m in Sources */,
				78720BDC216DC4940020333E /* CycleComposeViewHomeViewController.m in Sources */,
				785B22CF1E3A570F00D0A085 /* DemoSliderRadioButtonsDataSourceViewController.m in Sources */,
				78720BD5216D9CD10020333E /* EChildViewController.m in Sources */,
				7885FC6821566E5500B97DAA /* RadioButtonHomeViewController.m in Sources */,
				785D80E71F7ABACA00B36390 /* CJEqualSizeRadioButtons.m in Sources */,
				785B22B41E3A454600D0A085 /* RadioButtonCycleComposeViewController.m in Sources */,
				785B222E1E3A21D800D0A085 /* main.m in Sources */,
				784B62D31EB8323900BE5BEF /* CJButton.m in Sources */,
				7885FC6921566E5500B97DAA /* SliderVCsHomeViewController.m in Sources */,
			);
			runOnlyForDeploymentPostprocessing = 0;
		};
		785B223E1E3A21D800D0A085 /* Sources */ = {
			isa = PBXSourcesBuildPhase;
			buildActionMask = 2147483647;
			files = (
				785B22471E3A21D800D0A085 /* CJRadioDemoTests.m in Sources */,
			);
			runOnlyForDeploymentPostprocessing = 0;
		};
		785B22491E3A21D800D0A085 /* Sources */ = {
			isa = PBXSourcesBuildPhase;
			buildActionMask = 2147483647;
			files = (
				785B22521E3A21D800D0A085 /* CJRadioDemoUITests.m in Sources */,
			);
			runOnlyForDeploymentPostprocessing = 0;
		};
/* End PBXSourcesBuildPhase section */

/* Begin PBXTargetDependency section */
		785B22441E3A21D800D0A085 /* PBXTargetDependency */ = {
			isa = PBXTargetDependency;
			target = 785B22281E3A21D800D0A085 /* CJRadioDemo */;
			targetProxy = 785B22431E3A21D800D0A085 /* PBXContainerItemProxy */;
		};
		785B224F1E3A21D800D0A085 /* PBXTargetDependency */ = {
			isa = PBXTargetDependency;
			target = 785B22281E3A21D800D0A085 /* CJRadioDemo */;
			targetProxy = 785B224E1E3A21D800D0A085 /* PBXContainerItemProxy */;
		};
/* End PBXTargetDependency section */

/* Begin PBXVariantGroup section */
		785B22351E3A21D800D0A085 /* Main.storyboard */ = {
			isa = PBXVariantGroup;
			children = (
				785B22361E3A21D800D0A085 /* Base */,
			);
			name = Main.storyboard;
			sourceTree = "<group>";
		};
		785B223A1E3A21D800D0A085 /* LaunchScreen.storyboard */ = {
			isa = PBXVariantGroup;
			children = (
				785B223B1E3A21D800D0A085 /* Base */,
			);
			name = LaunchScreen.storyboard;
			sourceTree = "<group>";
		};
/* End PBXVariantGroup section */

/* Begin XCBuildConfiguration section */
		785B22541E3A21D800D0A085 /* Debug */ = {
			isa = XCBuildConfiguration;
			buildSettings = {
				ALWAYS_SEARCH_USER_PATHS = NO;
				CLANG_ANALYZER_NONNULL = YES;
				CLANG_CXX_LANGUAGE_STANDARD = "gnu++0x";
				CLANG_CXX_LIBRARY = "libc++";
				CLANG_ENABLE_MODULES = YES;
				CLANG_ENABLE_OBJC_ARC = YES;
				CLANG_WARN_BLOCK_CAPTURE_AUTORELEASING = YES;
				CLANG_WARN_BOOL_CONVERSION = YES;
				CLANG_WARN_COMMA = YES;
				CLANG_WARN_CONSTANT_CONVERSION = YES;
				CLANG_WARN_DEPRECATED_OBJC_IMPLEMENTATIONS = YES;
				CLANG_WARN_DIRECT_OBJC_ISA_USAGE = YES_ERROR;
				CLANG_WARN_DOCUMENTATION_COMMENTS = YES;
				CLANG_WARN_EMPTY_BODY = YES;
				CLANG_WARN_ENUM_CONVERSION = YES;
				CLANG_WARN_INFINITE_RECURSION = YES;
				CLANG_WARN_INT_CONVERSION = YES;
				CLANG_WARN_NON_LITERAL_NULL_CONVERSION = YES;
				CLANG_WARN_OBJC_IMPLICIT_RETAIN_SELF = YES;
				CLANG_WARN_OBJC_LITERAL_CONVERSION = YES;
				CLANG_WARN_OBJC_ROOT_CLASS = YES_ERROR;
				CLANG_WARN_RANGE_LOOP_ANALYSIS = YES;
				CLANG_WARN_STRICT_PROTOTYPES = YES;
				CLANG_WARN_SUSPICIOUS_MOVE = YES;
				CLANG_WARN_SUSPICIOUS_MOVES = YES;
				CLANG_WARN_UNREACHABLE_CODE = YES;
				CLANG_WARN__DUPLICATE_METHOD_MATCH = YES;
				"CODE_SIGN_IDENTITY[sdk=iphoneos*]" = "iPhone Developer";
				COPY_PHASE_STRIP = NO;
				DEBUG_INFORMATION_FORMAT = dwarf;
				ENABLE_STRICT_OBJC_MSGSEND = YES;
				ENABLE_TESTABILITY = YES;
				GCC_C_LANGUAGE_STANDARD = gnu99;
				GCC_DYNAMIC_NO_PIC = NO;
				GCC_NO_COMMON_BLOCKS = YES;
				GCC_OPTIMIZATION_LEVEL = 0;
				GCC_PREPROCESSOR_DEFINITIONS = (
					"DEBUG=1",
					"$(inherited)",
				);
				GCC_WARN_64_TO_32_BIT_CONVERSION = YES;
				GCC_WARN_ABOUT_RETURN_TYPE = YES_ERROR;
				GCC_WARN_UNDECLARED_SELECTOR = YES;
				GCC_WARN_UNINITIALIZED_AUTOS = YES_AGGRESSIVE;
				GCC_WARN_UNUSED_FUNCTION = YES;
				GCC_WARN_UNUSED_VARIABLE = YES;
				IPHONEOS_DEPLOYMENT_TARGET = 10.0;
				MTL_ENABLE_DEBUG_INFO = YES;
				ONLY_ACTIVE_ARCH = YES;
				SDKROOT = iphoneos;
				TARGETED_DEVICE_FAMILY = "1,2";
			};
			name = Debug;
		};
		785B22551E3A21D800D0A085 /* Release */ = {
			isa = XCBuildConfiguration;
			buildSettings = {
				ALWAYS_SEARCH_USER_PATHS = NO;
				CLANG_ANALYZER_NONNULL = YES;
				CLANG_CXX_LANGUAGE_STANDARD = "gnu++0x";
				CLANG_CXX_LIBRARY = "libc++";
				CLANG_ENABLE_MODULES = YES;
				CLANG_ENABLE_OBJC_ARC = YES;
				CLANG_WARN_BLOCK_CAPTURE_AUTORELEASING = YES;
				CLANG_WARN_BOOL_CONVERSION = YES;
				CLANG_WARN_COMMA = YES;
				CLANG_WARN_CONSTANT_CONVERSION = YES;
				CLANG_WARN_DEPRECATED_OBJC_IMPLEMENTATIONS = YES;
				CLANG_WARN_DIRECT_OBJC_ISA_USAGE = YES_ERROR;
				CLANG_WARN_DOCUMENTATION_COMMENTS = YES;
				CLANG_WARN_EMPTY_BODY = YES;
				CLANG_WARN_ENUM_CONVERSION = YES;
				CLANG_WARN_INFINITE_RECURSION = YES;
				CLANG_WARN_INT_CONVERSION = YES;
				CLANG_WARN_NON_LITERAL_NULL_CONVERSION = YES;
				CLANG_WARN_OBJC_IMPLICIT_RETAIN_SELF = YES;
				CLANG_WARN_OBJC_LITERAL_CONVERSION = YES;
				CLANG_WARN_OBJC_ROOT_CLASS = YES_ERROR;
				CLANG_WARN_RANGE_LOOP_ANALYSIS = YES;
				CLANG_WARN_STRICT_PROTOTYPES = YES;
				CLANG_WARN_SUSPICIOUS_MOVE = YES;
				CLANG_WARN_SUSPICIOUS_MOVES = YES;
				CLANG_WARN_UNREACHABLE_CODE = YES;
				CLANG_WARN__DUPLICATE_METHOD_MATCH = YES;
				"CODE_SIGN_IDENTITY[sdk=iphoneos*]" = "iPhone Developer";
				COPY_PHASE_STRIP = NO;
				DEBUG_INFORMATION_FORMAT = "dwarf-with-dsym";
				ENABLE_NS_ASSERTIONS = NO;
				ENABLE_STRICT_OBJC_MSGSEND = YES;
				GCC_C_LANGUAGE_STANDARD = gnu99;
				GCC_NO_COMMON_BLOCKS = YES;
				GCC_WARN_64_TO_32_BIT_CONVERSION = YES;
				GCC_WARN_ABOUT_RETURN_TYPE = YES_ERROR;
				GCC_WARN_UNDECLARED_SELECTOR = YES;
				GCC_WARN_UNINITIALIZED_AUTOS = YES_AGGRESSIVE;
				GCC_WARN_UNUSED_FUNCTION = YES;
				GCC_WARN_UNUSED_VARIABLE = YES;
				IPHONEOS_DEPLOYMENT_TARGET = 10.0;
				MTL_ENABLE_DEBUG_INFO = NO;
				SDKROOT = iphoneos;
				TARGETED_DEVICE_FAMILY = "1,2";
				VALIDATE_PRODUCT = YES;
			};
			name = Release;
		};
		785B22571E3A21D800D0A085 /* Debug */ = {
			isa = XCBuildConfiguration;
			baseConfigurationReference = CB9A64240C17C26FA856DCB1 /* Pods-CJRadioDemo.debug.xcconfig */;
			buildSettings = {
				ASSETCATALOG_COMPILER_APPICON_NAME = AppIcon;
				DEVELOPMENT_TEAM = FZ5YDHE5JZ;
				INFOPLIST_FILE = CJRadioDemo/Info.plist;
				LD_RUNPATH_SEARCH_PATHS = "$(inherited) @executable_path/Frameworks";
				PRODUCT_BUNDLE_IDENTIFIER = com.dvlproad.CJRadioDemo;
				PRODUCT_NAME = "$(TARGET_NAME)";
			};
			name = Debug;
		};
		785B22581E3A21D800D0A085 /* Release */ = {
			isa = XCBuildConfiguration;
			baseConfigurationReference = 0F770CD48874255F58B95817 /* Pods-CJRadioDemo.release.xcconfig */;
			buildSettings = {
				ASSETCATALOG_COMPILER_APPICON_NAME = AppIcon;
				DEVELOPMENT_TEAM = FZ5YDHE5JZ;
				INFOPLIST_FILE = CJRadioDemo/Info.plist;
				LD_RUNPATH_SEARCH_PATHS = "$(inherited) @executable_path/Frameworks";
				PRODUCT_BUNDLE_IDENTIFIER = com.dvlproad.CJRadioDemo;
				PRODUCT_NAME = "$(TARGET_NAME)";
			};
			name = Release;
		};
		785B225A1E3A21D800D0A085 /* Debug */ = {
			isa = XCBuildConfiguration;
			baseConfigurationReference = EC12B7A4A5A381DB2F018FCB /* Pods-CJRadioDemoTests.debug.xcconfig */;
			buildSettings = {
				BUNDLE_LOADER = "$(TEST_HOST)";
				INFOPLIST_FILE = CJRadioDemoTests/Info.plist;
				LD_RUNPATH_SEARCH_PATHS = "$(inherited) @executable_path/Frameworks @loader_path/Frameworks";
				PRODUCT_BUNDLE_IDENTIFIER = com.dvlproad.CJRadioDemoTests;
				PRODUCT_NAME = "$(TARGET_NAME)";
				TEST_HOST = "$(BUILT_PRODUCTS_DIR)/CJRadioDemo.app/CJRadioDemo";
			};
			name = Debug;
		};
		785B225B1E3A21D800D0A085 /* Release */ = {
			isa = XCBuildConfiguration;
			baseConfigurationReference = E011F1BFC43D616200892E69 /* Pods-CJRadioDemoTests.release.xcconfig */;
			buildSettings = {
				BUNDLE_LOADER = "$(TEST_HOST)";
				INFOPLIST_FILE = CJRadioDemoTests/Info.plist;
				LD_RUNPATH_SEARCH_PATHS = "$(inherited) @executable_path/Frameworks @loader_path/Frameworks";
				PRODUCT_BUNDLE_IDENTIFIER = com.dvlproad.CJRadioDemoTests;
				PRODUCT_NAME = "$(TARGET_NAME)";
				TEST_HOST = "$(BUILT_PRODUCTS_DIR)/CJRadioDemo.app/CJRadioDemo";
			};
			name = Release;
		};
		785B225D1E3A21D800D0A085 /* Debug */ = {
			isa = XCBuildConfiguration;
			buildSettings = {
				INFOPLIST_FILE = CJRadioDemoUITests/Info.plist;
				LD_RUNPATH_SEARCH_PATHS = "$(inherited) @executable_path/Frameworks @loader_path/Frameworks";
				PRODUCT_BUNDLE_IDENTIFIER = com.dvlproad.CJRadioDemoUITests;
				PRODUCT_NAME = "$(TARGET_NAME)";
				TEST_TARGET_NAME = CJRadioDemo;
			};
			name = Debug;
		};
		785B225E1E3A21D800D0A085 /* Release */ = {
			isa = XCBuildConfiguration;
			buildSettings = {
				INFOPLIST_FILE = CJRadioDemoUITests/Info.plist;
				LD_RUNPATH_SEARCH_PATHS = "$(inherited) @executable_path/Frameworks @loader_path/Frameworks";
				PRODUCT_BUNDLE_IDENTIFIER = com.dvlproad.CJRadioDemoUITests;
				PRODUCT_NAME = "$(TARGET_NAME)";
				TEST_TARGET_NAME = CJRadioDemo;
			};
			name = Release;
		};
/* End XCBuildConfiguration section */

/* Begin XCConfigurationList section */
		785B22241E3A21D800D0A085 /* Build configuration list for PBXProject "CJRadioDemo" */ = {
			isa = XCConfigurationList;
			buildConfigurations = (
				785B22541E3A21D800D0A085 /* Debug */,
				785B22551E3A21D800D0A085 /* Release */,
			);
			defaultConfigurationIsVisible = 0;
			defaultConfigurationName = Release;
		};
		785B22561E3A21D800D0A085 /* Build configuration list for PBXNativeTarget "CJRadioDemo" */ = {
			isa = XCConfigurationList;
			buildConfigurations = (
				785B22571E3A21D800D0A085 /* Debug */,
				785B22581E3A21D800D0A085 /* Release */,
			);
			defaultConfigurationIsVisible = 0;
			defaultConfigurationName = Release;
		};
		785B22591E3A21D800D0A085 /* Build configuration list for PBXNativeTarget "CJRadioDemoTests" */ = {
			isa = XCConfigurationList;
			buildConfigurations = (
				785B225A1E3A21D800D0A085 /* Debug */,
				785B225B1E3A21D800D0A085 /* Release */,
			);
			defaultConfigurationIsVisible = 0;
			defaultConfigurationName = Release;
		};
		785B225C1E3A21D800D0A085 /* Build configuration list for PBXNativeTarget "CJRadioDemoUITests" */ = {
			isa = XCConfigurationList;
			buildConfigurations = (
				785B225D1E3A21D800D0A085 /* Debug */,
				785B225E1E3A21D800D0A085 /* Release */,
			);
			defaultConfigurationIsVisible = 0;
			defaultConfigurationName = Release;
		};
/* End XCConfigurationList section */
	};
	rootObject = 785B22211E3A21D800D0A085 /* Project object */;
}
