PODS:
  - CJPopupAction (1.3.1)
  - PureLayout (3.0.2)

DEPENDENCIES:
  - CJPopupAction (~> 1.3.1)
  - PureLayout (~> 3.0.2)

SPEC CHECKSUMS:
  CJPopupAction: 2cee8f6bdddf3c6f9732a7ffd28abf502c81e57a
  PureLayout: 4d550abe49a94f24c2808b9b95db9131685fe4cd

PODFILE CHECKSUM: 75e3c341f5eea8eb05ba36575549e60ed1c03a71

COCOAPODS: 1.1.0.rc.2
